
Microsoft Visual Studio Solution File, Format Version 12.00
# Visual Studio 15
VisualStudioVersion = 15.0.28010.2046
MinimumVisualStudioVersion = 10.0.40219.1
Project("{2150E333-8FDC-42A3-9474-1A3956D46DE8}") = "Kutyapp.Client", "Kutyapp.Client", "{DF27C66B-7BD0-4EFD-9FA6-D371827A8C3A}"
EndProject
Project("{9A19103F-16F7-4668-BE54-9A1E7A4F7556}") = "KutyApp.Client.Common", "KutyApp.Common\KutyApp.Client.Common.csproj", "{D88472DB-F368-430D-B37C-C5A911A7AB30}"
EndProject
Project("{FAE04EC0-301F-11D3-BF4B-00C04F79EFBC}") = "KutyApp.Client.Xam.Android", "KutyApp.Client.Xam\KutyApp.Client.Xam.Android\KutyApp.Client.Xam.Android.csproj", "{5ED4E3C3-36A8-4C00-8DF3-9ACF4188CAD4}"
EndProject
Project("{FAE04EC0-301F-11D3-BF4B-00C04F79EFBC}") = "KutyApp.Client.Xam.iOS", "KutyApp.Client.Xam\KutyApp.Client.Xam.iOS\KutyApp.Client.Xam.iOS.csproj", "{175EF533-33A2-454C-BCEA-A8490728F47C}"
EndProject
Project("{FAE04EC0-301F-11D3-BF4B-00C04F79EFBC}") = "KutyApp.Client.Xam.UWP", "KutyApp.Client.Xam\KutyApp.Client.Xam.UWP\KutyApp.Client.Xam.UWP.csproj", "{5A353DC6-A734-4DBD-94B2-068E33BFDEA2}"
EndProject
Project("{9A19103F-16F7-4668-BE54-9A1E7A4F7556}") = "KutyApp.Client.Xam", "KutyApp.Client.Xam\KutyApp.Client.Xam\KutyApp.Client.Xam.csproj", "{35D326E8-8A87-46E4-AC2A-3FA04F990EDF}"
EndProject
Project("{9A19103F-16F7-4668-BE54-9A1E7A4F7556}") = "KutyApp.Services.Environment.Api", "KutyApp.Services.Environment.Api\KutyApp.Services.Environment.Api.csproj", "{20ADABD8-7BF2-46C1-AEB9-8DF04DE4B46B}"
EndProject
Project("{9A19103F-16F7-4668-BE54-9A1E7A4F7556}") = "KutyApp.Services.Environment.Bll", "KutyApp.Services.Environment.Bll\KutyApp.Services.Environment.Bll.csproj", "{A990534E-80F4-4A82-9C1D-7A9EBF69B49F}"
EndProject
Project("{2150E333-8FDC-42A3-9474-1A3956D46DE8}") = "KutyApp.Services.Environment", "KutyApp.Services.Environment", "{9B558E5C-D7A1-46B8-A30A-1F943E81842B}"
EndProject
Project("{2150E333-8FDC-42A3-9474-1A3956D46DE8}") = "KutyApp.Services", "KutyApp.Services", "{D84A1B50-60C2-4C87-BF96-1728E461D580}"
EndProject
Project("{9A19103F-16F7-4668-BE54-9A1E7A4F7556}") = "KutyApp.Client.Services.ClientConsumer", "KutyApp.Services.ClientConsumer.Api\KutyApp.Client.Services.ClientConsumer.csproj", "{DA98EB9F-39CF-4BAD-A4C8-68779E843922}"
EndProject
Project("{2150E333-8FDC-42A3-9474-1A3956D46DE8}") = "KutyApp.Client.Services", "KutyApp.Client.Services", "{C8879A5C-969F-4FD2-924E-9D7951561A96}"
EndProject
Project("{9A19103F-16F7-4668-BE54-9A1E7A4F7556}") = "KutyApp.Client.Services.LocalRepository", "KutyApp.Client.Services.LocalRepository\KutyApp.Client.Services.LocalRepository.csproj", "{48FB5C4B-D430-49FC-B758-BFDA1F78FC58}"
EndProject
Project("{FAE04EC0-301F-11D3-BF4B-00C04F79EFBC}") = "KutyApp.Client.Services.MediaService", "KutyApp.Client.Services.MediaService\KutyApp.Client.Services.MediaService.csproj", "{CB1C22D3-3AEC-42FD-A0DF-A4B84D20EBFF}"
EndProject
Global
	GlobalSection(SolutionConfigurationPlatforms) = preSolution
		Ad-Hoc|Any CPU = Ad-Hoc|Any CPU
		Ad-Hoc|ARM = Ad-Hoc|ARM
		Ad-Hoc|iPhone = Ad-Hoc|iPhone
		Ad-Hoc|iPhoneSimulator = Ad-Hoc|iPhoneSimulator
		Ad-Hoc|x64 = Ad-Hoc|x64
		Ad-Hoc|x86 = Ad-Hoc|x86
		AppStore|Any CPU = AppStore|Any CPU
		AppStore|ARM = AppStore|ARM
		AppStore|iPhone = AppStore|iPhone
		AppStore|iPhoneSimulator = AppStore|iPhoneSimulator
		AppStore|x64 = AppStore|x64
		AppStore|x86 = AppStore|x86
		Debug|Any CPU = Debug|Any CPU
		Debug|ARM = Debug|ARM
		Debug|iPhone = Debug|iPhone
		Debug|iPhoneSimulator = Debug|iPhoneSimulator
		Debug|x64 = Debug|x64
		Debug|x86 = Debug|x86
		Release|Any CPU = Release|Any CPU
		Release|ARM = Release|ARM
		Release|iPhone = Release|iPhone
		Release|iPhoneSimulator = Release|iPhoneSimulator
		Release|x64 = Release|x64
		Release|x86 = Release|x86
	EndGlobalSection
	GlobalSection(ProjectConfigurationPlatforms) = postSolution
		{D88472DB-F368-430D-B37C-C5A911A7AB30}.Ad-Hoc|Any CPU.ActiveCfg = Debug|Any CPU
		{D88472DB-F368-430D-B37C-C5A911A7AB30}.Ad-Hoc|Any CPU.Build.0 = Debug|Any CPU
		{D88472DB-F368-430D-B37C-C5A911A7AB30}.Ad-Hoc|ARM.ActiveCfg = Debug|Any CPU
		{D88472DB-F368-430D-B37C-C5A911A7AB30}.Ad-Hoc|ARM.Build.0 = Debug|Any CPU
		{D88472DB-F368-430D-B37C-C5A911A7AB30}.Ad-Hoc|iPhone.ActiveCfg = Debug|Any CPU
		{D88472DB-F368-430D-B37C-C5A911A7AB30}.Ad-Hoc|iPhone.Build.0 = Debug|Any CPU
		{D88472DB-F368-430D-B37C-C5A911A7AB30}.Ad-Hoc|iPhoneSimulator.ActiveCfg = Debug|Any CPU
		{D88472DB-F368-430D-B37C-C5A911A7AB30}.Ad-Hoc|iPhoneSimulator.Build.0 = Debug|Any CPU
		{D88472DB-F368-430D-B37C-C5A911A7AB30}.Ad-Hoc|x64.ActiveCfg = Debug|Any CPU
		{D88472DB-F368-430D-B37C-C5A911A7AB30}.Ad-Hoc|x64.Build.0 = Debug|Any CPU
		{D88472DB-F368-430D-B37C-C5A911A7AB30}.Ad-Hoc|x86.ActiveCfg = Debug|Any CPU
		{D88472DB-F368-430D-B37C-C5A911A7AB30}.Ad-Hoc|x86.Build.0 = Debug|Any CPU
		{D88472DB-F368-430D-B37C-C5A911A7AB30}.AppStore|Any CPU.ActiveCfg = Debug|Any CPU
		{D88472DB-F368-430D-B37C-C5A911A7AB30}.AppStore|Any CPU.Build.0 = Debug|Any CPU
		{D88472DB-F368-430D-B37C-C5A911A7AB30}.AppStore|ARM.ActiveCfg = Debug|Any CPU
		{D88472DB-F368-430D-B37C-C5A911A7AB30}.AppStore|ARM.Build.0 = Debug|Any CPU
		{D88472DB-F368-430D-B37C-C5A911A7AB30}.AppStore|iPhone.ActiveCfg = Debug|Any CPU
		{D88472DB-F368-430D-B37C-C5A911A7AB30}.AppStore|iPhone.Build.0 = Debug|Any CPU
		{D88472DB-F368-430D-B37C-C5A911A7AB30}.AppStore|iPhoneSimulator.ActiveCfg = Debug|Any CPU
		{D88472DB-F368-430D-B37C-C5A911A7AB30}.AppStore|iPhoneSimulator.Build.0 = Debug|Any CPU
		{D88472DB-F368-430D-B37C-C5A911A7AB30}.AppStore|x64.ActiveCfg = Debug|Any CPU
		{D88472DB-F368-430D-B37C-C5A911A7AB30}.AppStore|x64.Build.0 = Debug|Any CPU
		{D88472DB-F368-430D-B37C-C5A911A7AB30}.AppStore|x86.ActiveCfg = Debug|Any CPU
		{D88472DB-F368-430D-B37C-C5A911A7AB30}.AppStore|x86.Build.0 = Debug|Any CPU
		{D88472DB-F368-430D-B37C-C5A911A7AB30}.Debug|Any CPU.ActiveCfg = Debug|Any CPU
		{D88472DB-F368-430D-B37C-C5A911A7AB30}.Debug|Any CPU.Build.0 = Debug|Any CPU
		{D88472DB-F368-430D-B37C-C5A911A7AB30}.Debug|ARM.ActiveCfg = Debug|Any CPU
		{D88472DB-F368-430D-B37C-C5A911A7AB30}.Debug|ARM.Build.0 = Debug|Any CPU
		{D88472DB-F368-430D-B37C-C5A911A7AB30}.Debug|iPhone.ActiveCfg = Debug|Any CPU
		{D88472DB-F368-430D-B37C-C5A911A7AB30}.Debug|iPhone.Build.0 = Debug|Any CPU
		{D88472DB-F368-430D-B37C-C5A911A7AB30}.Debug|iPhoneSimulator.ActiveCfg = Debug|Any CPU
		{D88472DB-F368-430D-B37C-C5A911A7AB30}.Debug|iPhoneSimulator.Build.0 = Debug|Any CPU
		{D88472DB-F368-430D-B37C-C5A911A7AB30}.Debug|x64.ActiveCfg = Debug|Any CPU
		{D88472DB-F368-430D-B37C-C5A911A7AB30}.Debug|x64.Build.0 = Debug|Any CPU
		{D88472DB-F368-430D-B37C-C5A911A7AB30}.Debug|x86.ActiveCfg = Debug|Any CPU
		{D88472DB-F368-430D-B37C-C5A911A7AB30}.Debug|x86.Build.0 = Debug|Any CPU
		{D88472DB-F368-430D-B37C-C5A911A7AB30}.Release|Any CPU.ActiveCfg = Release|Any CPU
		{D88472DB-F368-430D-B37C-C5A911A7AB30}.Release|Any CPU.Build.0 = Release|Any CPU
		{D88472DB-F368-430D-B37C-C5A911A7AB30}.Release|ARM.ActiveCfg = Release|Any CPU
		{D88472DB-F368-430D-B37C-C5A911A7AB30}.Release|ARM.Build.0 = Release|Any CPU
		{D88472DB-F368-430D-B37C-C5A911A7AB30}.Release|iPhone.ActiveCfg = Release|Any CPU
		{D88472DB-F368-430D-B37C-C5A911A7AB30}.Release|iPhone.Build.0 = Release|Any CPU
		{D88472DB-F368-430D-B37C-C5A911A7AB30}.Release|iPhoneSimulator.ActiveCfg = Release|Any CPU
		{D88472DB-F368-430D-B37C-C5A911A7AB30}.Release|iPhoneSimulator.Build.0 = Release|Any CPU
		{D88472DB-F368-430D-B37C-C5A911A7AB30}.Release|x64.ActiveCfg = Release|Any CPU
		{D88472DB-F368-430D-B37C-C5A911A7AB30}.Release|x64.Build.0 = Release|Any CPU
		{D88472DB-F368-430D-B37C-C5A911A7AB30}.Release|x86.ActiveCfg = Release|Any CPU
		{D88472DB-F368-430D-B37C-C5A911A7AB30}.Release|x86.Build.0 = Release|Any CPU
		{5ED4E3C3-36A8-4C00-8DF3-9ACF4188CAD4}.Ad-Hoc|Any CPU.ActiveCfg = Release|Any CPU
		{5ED4E3C3-36A8-4C00-8DF3-9ACF4188CAD4}.Ad-Hoc|Any CPU.Build.0 = Release|Any CPU
		{5ED4E3C3-36A8-4C00-8DF3-9ACF4188CAD4}.Ad-Hoc|Any CPU.Deploy.0 = Release|Any CPU
		{5ED4E3C3-36A8-4C00-8DF3-9ACF4188CAD4}.Ad-Hoc|ARM.ActiveCfg = Release|Any CPU
		{5ED4E3C3-36A8-4C00-8DF3-9ACF4188CAD4}.Ad-Hoc|ARM.Build.0 = Release|Any CPU
		{5ED4E3C3-36A8-4C00-8DF3-9ACF4188CAD4}.Ad-Hoc|ARM.Deploy.0 = Release|Any CPU
		{5ED4E3C3-36A8-4C00-8DF3-9ACF4188CAD4}.Ad-Hoc|iPhone.ActiveCfg = Release|Any CPU
		{5ED4E3C3-36A8-4C00-8DF3-9ACF4188CAD4}.Ad-Hoc|iPhone.Build.0 = Release|Any CPU
		{5ED4E3C3-36A8-4C00-8DF3-9ACF4188CAD4}.Ad-Hoc|iPhone.Deploy.0 = Release|Any CPU
		{5ED4E3C3-36A8-4C00-8DF3-9ACF4188CAD4}.Ad-Hoc|iPhoneSimulator.ActiveCfg = Release|Any CPU
		{5ED4E3C3-36A8-4C00-8DF3-9ACF4188CAD4}.Ad-Hoc|iPhoneSimulator.Build.0 = Release|Any CPU
		{5ED4E3C3-36A8-4C00-8DF3-9ACF4188CAD4}.Ad-Hoc|iPhoneSimulator.Deploy.0 = Release|Any CPU
		{5ED4E3C3-36A8-4C00-8DF3-9ACF4188CAD4}.Ad-Hoc|x64.ActiveCfg = Release|Any CPU
		{5ED4E3C3-36A8-4C00-8DF3-9ACF4188CAD4}.Ad-Hoc|x64.Build.0 = Release|Any CPU
		{5ED4E3C3-36A8-4C00-8DF3-9ACF4188CAD4}.Ad-Hoc|x64.Deploy.0 = Release|Any CPU
		{5ED4E3C3-36A8-4C00-8DF3-9ACF4188CAD4}.Ad-Hoc|x86.ActiveCfg = Release|Any CPU
		{5ED4E3C3-36A8-4C00-8DF3-9ACF4188CAD4}.Ad-Hoc|x86.Build.0 = Release|Any CPU
		{5ED4E3C3-36A8-4C00-8DF3-9ACF4188CAD4}.Ad-Hoc|x86.Deploy.0 = Release|Any CPU
		{5ED4E3C3-36A8-4C00-8DF3-9ACF4188CAD4}.AppStore|Any CPU.ActiveCfg = Release|Any CPU
		{5ED4E3C3-36A8-4C00-8DF3-9ACF4188CAD4}.AppStore|Any CPU.Build.0 = Release|Any CPU
		{5ED4E3C3-36A8-4C00-8DF3-9ACF4188CAD4}.AppStore|Any CPU.Deploy.0 = Release|Any CPU
		{5ED4E3C3-36A8-4C00-8DF3-9ACF4188CAD4}.AppStore|ARM.ActiveCfg = Release|Any CPU
		{5ED4E3C3-36A8-4C00-8DF3-9ACF4188CAD4}.AppStore|ARM.Build.0 = Release|Any CPU
		{5ED4E3C3-36A8-4C00-8DF3-9ACF4188CAD4}.AppStore|ARM.Deploy.0 = Release|Any CPU
		{5ED4E3C3-36A8-4C00-8DF3-9ACF4188CAD4}.AppStore|iPhone.ActiveCfg = Release|Any CPU
		{5ED4E3C3-36A8-4C00-8DF3-9ACF4188CAD4}.AppStore|iPhone.Build.0 = Release|Any CPU
		{5ED4E3C3-36A8-4C00-8DF3-9ACF4188CAD4}.AppStore|iPhone.Deploy.0 = Release|Any CPU
		{5ED4E3C3-36A8-4C00-8DF3-9ACF4188CAD4}.AppStore|iPhoneSimulator.ActiveCfg = Release|Any CPU
		{5ED4E3C3-36A8-4C00-8DF3-9ACF4188CAD4}.AppStore|iPhoneSimulator.Build.0 = Release|Any CPU
		{5ED4E3C3-36A8-4C00-8DF3-9ACF4188CAD4}.AppStore|iPhoneSimulator.Deploy.0 = Release|Any CPU
		{5ED4E3C3-36A8-4C00-8DF3-9ACF4188CAD4}.AppStore|x64.ActiveCfg = Release|Any CPU
		{5ED4E3C3-36A8-4C00-8DF3-9ACF4188CAD4}.AppStore|x64.Build.0 = Release|Any CPU
		{5ED4E3C3-36A8-4C00-8DF3-9ACF4188CAD4}.AppStore|x64.Deploy.0 = Release|Any CPU
		{5ED4E3C3-36A8-4C00-8DF3-9ACF4188CAD4}.AppStore|x86.ActiveCfg = Release|Any CPU
		{5ED4E3C3-36A8-4C00-8DF3-9ACF4188CAD4}.AppStore|x86.Build.0 = Release|Any CPU
		{5ED4E3C3-36A8-4C00-8DF3-9ACF4188CAD4}.AppStore|x86.Deploy.0 = Release|Any CPU
		{5ED4E3C3-36A8-4C00-8DF3-9ACF4188CAD4}.Debug|Any CPU.ActiveCfg = Debug|Any CPU
		{5ED4E3C3-36A8-4C00-8DF3-9ACF4188CAD4}.Debug|Any CPU.Build.0 = Debug|Any CPU
		{5ED4E3C3-36A8-4C00-8DF3-9ACF4188CAD4}.Debug|Any CPU.Deploy.0 = Debug|Any CPU
		{5ED4E3C3-36A8-4C00-8DF3-9ACF4188CAD4}.Debug|ARM.ActiveCfg = Debug|Any CPU
		{5ED4E3C3-36A8-4C00-8DF3-9ACF4188CAD4}.Debug|ARM.Build.0 = Debug|Any CPU
		{5ED4E3C3-36A8-4C00-8DF3-9ACF4188CAD4}.Debug|ARM.Deploy.0 = Debug|Any CPU
		{5ED4E3C3-36A8-4C00-8DF3-9ACF4188CAD4}.Debug|iPhone.ActiveCfg = Debug|Any CPU
		{5ED4E3C3-36A8-4C00-8DF3-9ACF4188CAD4}.Debug|iPhone.Build.0 = Debug|Any CPU
		{5ED4E3C3-36A8-4C00-8DF3-9ACF4188CAD4}.Debug|iPhone.Deploy.0 = Debug|Any CPU
		{5ED4E3C3-36A8-4C00-8DF3-9ACF4188CAD4}.Debug|iPhoneSimulator.ActiveCfg = Debug|Any CPU
		{5ED4E3C3-36A8-4C00-8DF3-9ACF4188CAD4}.Debug|iPhoneSimulator.Build.0 = Debug|Any CPU
		{5ED4E3C3-36A8-4C00-8DF3-9ACF4188CAD4}.Debug|iPhoneSimulator.Deploy.0 = Debug|Any CPU
		{5ED4E3C3-36A8-4C00-8DF3-9ACF4188CAD4}.Debug|x64.ActiveCfg = Debug|Any CPU
		{5ED4E3C3-36A8-4C00-8DF3-9ACF4188CAD4}.Debug|x64.Build.0 = Debug|Any CPU
		{5ED4E3C3-36A8-4C00-8DF3-9ACF4188CAD4}.Debug|x64.Deploy.0 = Debug|Any CPU
		{5ED4E3C3-36A8-4C00-8DF3-9ACF4188CAD4}.Debug|x86.ActiveCfg = Debug|Any CPU
		{5ED4E3C3-36A8-4C00-8DF3-9ACF4188CAD4}.Debug|x86.Build.0 = Debug|Any CPU
		{5ED4E3C3-36A8-4C00-8DF3-9ACF4188CAD4}.Debug|x86.Deploy.0 = Debug|Any CPU
		{5ED4E3C3-36A8-4C00-8DF3-9ACF4188CAD4}.Release|Any CPU.ActiveCfg = Release|Any CPU
		{5ED4E3C3-36A8-4C00-8DF3-9ACF4188CAD4}.Release|Any CPU.Build.0 = Release|Any CPU
		{5ED4E3C3-36A8-4C00-8DF3-9ACF4188CAD4}.Release|Any CPU.Deploy.0 = Release|Any CPU
		{5ED4E3C3-36A8-4C00-8DF3-9ACF4188CAD4}.Release|ARM.ActiveCfg = Release|Any CPU
		{5ED4E3C3-36A8-4C00-8DF3-9ACF4188CAD4}.Release|ARM.Build.0 = Release|Any CPU
		{5ED4E3C3-36A8-4C00-8DF3-9ACF4188CAD4}.Release|ARM.Deploy.0 = Release|Any CPU
		{5ED4E3C3-36A8-4C00-8DF3-9ACF4188CAD4}.Release|iPhone.ActiveCfg = Release|Any CPU
		{5ED4E3C3-36A8-4C00-8DF3-9ACF4188CAD4}.Release|iPhone.Build.0 = Release|Any CPU
		{5ED4E3C3-36A8-4C00-8DF3-9ACF4188CAD4}.Release|iPhone.Deploy.0 = Release|Any CPU
		{5ED4E3C3-36A8-4C00-8DF3-9ACF4188CAD4}.Release|iPhoneSimulator.ActiveCfg = Release|Any CPU
		{5ED4E3C3-36A8-4C00-8DF3-9ACF4188CAD4}.Release|iPhoneSimulator.Build.0 = Release|Any CPU
		{5ED4E3C3-36A8-4C00-8DF3-9ACF4188CAD4}.Release|iPhoneSimulator.Deploy.0 = Release|Any CPU
		{5ED4E3C3-36A8-4C00-8DF3-9ACF4188CAD4}.Release|x64.ActiveCfg = Release|Any CPU
		{5ED4E3C3-36A8-4C00-8DF3-9ACF4188CAD4}.Release|x64.Build.0 = Release|Any CPU
		{5ED4E3C3-36A8-4C00-8DF3-9ACF4188CAD4}.Release|x64.Deploy.0 = Release|Any CPU
		{5ED4E3C3-36A8-4C00-8DF3-9ACF4188CAD4}.Release|x86.ActiveCfg = Release|Any CPU
		{5ED4E3C3-36A8-4C00-8DF3-9ACF4188CAD4}.Release|x86.Build.0 = Release|Any CPU
		{5ED4E3C3-36A8-4C00-8DF3-9ACF4188CAD4}.Release|x86.Deploy.0 = Release|Any CPU
		{175EF533-33A2-454C-BCEA-A8490728F47C}.Ad-Hoc|Any CPU.ActiveCfg = Ad-Hoc|iPhone
		{175EF533-33A2-454C-BCEA-A8490728F47C}.Ad-Hoc|ARM.ActiveCfg = Ad-Hoc|iPhone
		{175EF533-33A2-454C-BCEA-A8490728F47C}.Ad-Hoc|iPhone.ActiveCfg = Ad-Hoc|iPhone
		{175EF533-33A2-454C-BCEA-A8490728F47C}.Ad-Hoc|iPhone.Build.0 = Ad-Hoc|iPhone
		{175EF533-33A2-454C-BCEA-A8490728F47C}.Ad-Hoc|iPhoneSimulator.ActiveCfg = Ad-Hoc|iPhoneSimulator
		{175EF533-33A2-454C-BCEA-A8490728F47C}.Ad-Hoc|iPhoneSimulator.Build.0 = Ad-Hoc|iPhoneSimulator
		{175EF533-33A2-454C-BCEA-A8490728F47C}.Ad-Hoc|x64.ActiveCfg = Ad-Hoc|iPhone
		{175EF533-33A2-454C-BCEA-A8490728F47C}.Ad-Hoc|x86.ActiveCfg = Ad-Hoc|iPhone
		{175EF533-33A2-454C-BCEA-A8490728F47C}.AppStore|Any CPU.ActiveCfg = AppStore|iPhone
		{175EF533-33A2-454C-BCEA-A8490728F47C}.AppStore|ARM.ActiveCfg = AppStore|iPhone
		{175EF533-33A2-454C-BCEA-A8490728F47C}.AppStore|iPhone.ActiveCfg = AppStore|iPhone
		{175EF533-33A2-454C-BCEA-A8490728F47C}.AppStore|iPhone.Build.0 = AppStore|iPhone
		{175EF533-33A2-454C-BCEA-A8490728F47C}.AppStore|iPhoneSimulator.ActiveCfg = AppStore|iPhoneSimulator
		{175EF533-33A2-454C-BCEA-A8490728F47C}.AppStore|iPhoneSimulator.Build.0 = AppStore|iPhoneSimulator
		{175EF533-33A2-454C-BCEA-A8490728F47C}.AppStore|x64.ActiveCfg = AppStore|iPhone
		{175EF533-33A2-454C-BCEA-A8490728F47C}.AppStore|x86.ActiveCfg = AppStore|iPhone
		{175EF533-33A2-454C-BCEA-A8490728F47C}.Debug|Any CPU.ActiveCfg = Debug|iPhone
		{175EF533-33A2-454C-BCEA-A8490728F47C}.Debug|ARM.ActiveCfg = Debug|iPhone
		{175EF533-33A2-454C-BCEA-A8490728F47C}.Debug|iPhone.ActiveCfg = Debug|iPhone
		{175EF533-33A2-454C-BCEA-A8490728F47C}.Debug|iPhone.Build.0 = Debug|iPhone
		{175EF533-33A2-454C-BCEA-A8490728F47C}.Debug|iPhoneSimulator.ActiveCfg = Debug|iPhoneSimulator
		{175EF533-33A2-454C-BCEA-A8490728F47C}.Debug|iPhoneSimulator.Build.0 = Debug|iPhoneSimulator
		{175EF533-33A2-454C-BCEA-A8490728F47C}.Debug|x64.ActiveCfg = Debug|iPhone
		{175EF533-33A2-454C-BCEA-A8490728F47C}.Debug|x86.ActiveCfg = Debug|iPhone
		{175EF533-33A2-454C-BCEA-A8490728F47C}.Release|Any CPU.ActiveCfg = Release|iPhone
		{175EF533-33A2-454C-BCEA-A8490728F47C}.Release|ARM.ActiveCfg = Release|iPhone
		{175EF533-33A2-454C-BCEA-A8490728F47C}.Release|iPhone.ActiveCfg = Release|iPhone
		{175EF533-33A2-454C-BCEA-A8490728F47C}.Release|iPhone.Build.0 = Release|iPhone
		{175EF533-33A2-454C-BCEA-A8490728F47C}.Release|iPhoneSimulator.ActiveCfg = Release|iPhoneSimulator
		{175EF533-33A2-454C-BCEA-A8490728F47C}.Release|iPhoneSimulator.Build.0 = Release|iPhoneSimulator
		{175EF533-33A2-454C-BCEA-A8490728F47C}.Release|x64.ActiveCfg = Release|iPhone
		{175EF533-33A2-454C-BCEA-A8490728F47C}.Release|x86.ActiveCfg = Release|iPhone
		{5A353DC6-A734-4DBD-94B2-068E33BFDEA2}.Ad-Hoc|Any CPU.ActiveCfg = Release|x86
		{5A353DC6-A734-4DBD-94B2-068E33BFDEA2}.Ad-Hoc|Any CPU.Build.0 = Release|x86
		{5A353DC6-A734-4DBD-94B2-068E33BFDEA2}.Ad-Hoc|Any CPU.Deploy.0 = Release|x86
		{5A353DC6-A734-4DBD-94B2-068E33BFDEA2}.Ad-Hoc|ARM.ActiveCfg = Release|ARM
		{5A353DC6-A734-4DBD-94B2-068E33BFDEA2}.Ad-Hoc|ARM.Build.0 = Release|ARM
		{5A353DC6-A734-4DBD-94B2-068E33BFDEA2}.Ad-Hoc|ARM.Deploy.0 = Release|ARM
		{5A353DC6-A734-4DBD-94B2-068E33BFDEA2}.Ad-Hoc|iPhone.ActiveCfg = Release|x86
		{5A353DC6-A734-4DBD-94B2-068E33BFDEA2}.Ad-Hoc|iPhone.Build.0 = Release|x86
		{5A353DC6-A734-4DBD-94B2-068E33BFDEA2}.Ad-Hoc|iPhone.Deploy.0 = Release|x86
		{5A353DC6-A734-4DBD-94B2-068E33BFDEA2}.Ad-Hoc|iPhoneSimulator.ActiveCfg = Release|x86
		{5A353DC6-A734-4DBD-94B2-068E33BFDEA2}.Ad-Hoc|iPhoneSimulator.Build.0 = Release|x86
		{5A353DC6-A734-4DBD-94B2-068E33BFDEA2}.Ad-Hoc|iPhoneSimulator.Deploy.0 = Release|x86
		{5A353DC6-A734-4DBD-94B2-068E33BFDEA2}.Ad-Hoc|x64.ActiveCfg = Release|x64
		{5A353DC6-A734-4DBD-94B2-068E33BFDEA2}.Ad-Hoc|x64.Build.0 = Release|x64
		{5A353DC6-A734-4DBD-94B2-068E33BFDEA2}.Ad-Hoc|x64.Deploy.0 = Release|x64
		{5A353DC6-A734-4DBD-94B2-068E33BFDEA2}.Ad-Hoc|x86.ActiveCfg = Release|x86
		{5A353DC6-A734-4DBD-94B2-068E33BFDEA2}.Ad-Hoc|x86.Build.0 = Release|x86
		{5A353DC6-A734-4DBD-94B2-068E33BFDEA2}.Ad-Hoc|x86.Deploy.0 = Release|x86
		{5A353DC6-A734-4DBD-94B2-068E33BFDEA2}.AppStore|Any CPU.ActiveCfg = Release|x86
		{5A353DC6-A734-4DBD-94B2-068E33BFDEA2}.AppStore|Any CPU.Build.0 = Release|x86
		{5A353DC6-A734-4DBD-94B2-068E33BFDEA2}.AppStore|Any CPU.Deploy.0 = Release|x86
		{5A353DC6-A734-4DBD-94B2-068E33BFDEA2}.AppStore|ARM.ActiveCfg = Release|ARM
		{5A353DC6-A734-4DBD-94B2-068E33BFDEA2}.AppStore|ARM.Build.0 = Release|ARM
		{5A353DC6-A734-4DBD-94B2-068E33BFDEA2}.AppStore|ARM.Deploy.0 = Release|ARM
		{5A353DC6-A734-4DBD-94B2-068E33BFDEA2}.AppStore|iPhone.ActiveCfg = Release|x86
		{5A353DC6-A734-4DBD-94B2-068E33BFDEA2}.AppStore|iPhone.Build.0 = Release|x86
		{5A353DC6-A734-4DBD-94B2-068E33BFDEA2}.AppStore|iPhone.Deploy.0 = Release|x86
		{5A353DC6-A734-4DBD-94B2-068E33BFDEA2}.AppStore|iPhoneSimulator.ActiveCfg = Release|x86
		{5A353DC6-A734-4DBD-94B2-068E33BFDEA2}.AppStore|iPhoneSimulator.Build.0 = Release|x86
		{5A353DC6-A734-4DBD-94B2-068E33BFDEA2}.AppStore|iPhoneSimulator.Deploy.0 = Release|x86
		{5A353DC6-A734-4DBD-94B2-068E33BFDEA2}.AppStore|x64.ActiveCfg = Release|x64
		{5A353DC6-A734-4DBD-94B2-068E33BFDEA2}.AppStore|x64.Build.0 = Release|x64
		{5A353DC6-A734-4DBD-94B2-068E33BFDEA2}.AppStore|x64.Deploy.0 = Release|x64
		{5A353DC6-A734-4DBD-94B2-068E33BFDEA2}.AppStore|x86.ActiveCfg = Release|x86
		{5A353DC6-A734-4DBD-94B2-068E33BFDEA2}.AppStore|x86.Build.0 = Release|x86
		{5A353DC6-A734-4DBD-94B2-068E33BFDEA2}.AppStore|x86.Deploy.0 = Release|x86
		{5A353DC6-A734-4DBD-94B2-068E33BFDEA2}.Debug|Any CPU.ActiveCfg = Debug|x86
		{5A353DC6-A734-4DBD-94B2-068E33BFDEA2}.Debug|Any CPU.Build.0 = Debug|x86
		{5A353DC6-A734-4DBD-94B2-068E33BFDEA2}.Debug|Any CPU.Deploy.0 = Debug|x86
		{5A353DC6-A734-4DBD-94B2-068E33BFDEA2}.Debug|ARM.ActiveCfg = Debug|ARM
		{5A353DC6-A734-4DBD-94B2-068E33BFDEA2}.Debug|ARM.Build.0 = Debug|ARM
		{5A353DC6-A734-4DBD-94B2-068E33BFDEA2}.Debug|ARM.Deploy.0 = Debug|ARM
		{5A353DC6-A734-4DBD-94B2-068E33BFDEA2}.Debug|iPhone.ActiveCfg = Debug|x86
		{5A353DC6-A734-4DBD-94B2-068E33BFDEA2}.Debug|iPhoneSimulator.ActiveCfg = Debug|x86
		{5A353DC6-A734-4DBD-94B2-068E33BFDEA2}.Debug|x64.ActiveCfg = Debug|x64
		{5A353DC6-A734-4DBD-94B2-068E33BFDEA2}.Debug|x64.Build.0 = Debug|x64
		{5A353DC6-A734-4DBD-94B2-068E33BFDEA2}.Debug|x64.Deploy.0 = Debug|x64
		{5A353DC6-A734-4DBD-94B2-068E33BFDEA2}.Debug|x86.ActiveCfg = Debug|x86
		{5A353DC6-A734-4DBD-94B2-068E33BFDEA2}.Debug|x86.Build.0 = Debug|x86
		{5A353DC6-A734-4DBD-94B2-068E33BFDEA2}.Debug|x86.Deploy.0 = Debug|x86
		{5A353DC6-A734-4DBD-94B2-068E33BFDEA2}.Release|Any CPU.ActiveCfg = Release|x86
		{5A353DC6-A734-4DBD-94B2-068E33BFDEA2}.Release|ARM.ActiveCfg = Release|ARM
		{5A353DC6-A734-4DBD-94B2-068E33BFDEA2}.Release|ARM.Build.0 = Release|ARM
		{5A353DC6-A734-4DBD-94B2-068E33BFDEA2}.Release|ARM.Deploy.0 = Release|ARM
		{5A353DC6-A734-4DBD-94B2-068E33BFDEA2}.Release|iPhone.ActiveCfg = Release|x86
		{5A353DC6-A734-4DBD-94B2-068E33BFDEA2}.Release|iPhoneSimulator.ActiveCfg = Release|x86
		{5A353DC6-A734-4DBD-94B2-068E33BFDEA2}.Release|x64.ActiveCfg = Release|x64
		{5A353DC6-A734-4DBD-94B2-068E33BFDEA2}.Release|x64.Build.0 = Release|x64
		{5A353DC6-A734-4DBD-94B2-068E33BFDEA2}.Release|x64.Deploy.0 = Release|x64
		{5A353DC6-A734-4DBD-94B2-068E33BFDEA2}.Release|x86.ActiveCfg = Release|x86
		{5A353DC6-A734-4DBD-94B2-068E33BFDEA2}.Release|x86.Build.0 = Release|x86
		{5A353DC6-A734-4DBD-94B2-068E33BFDEA2}.Release|x86.Deploy.0 = Release|x86
		{35D326E8-8A87-46E4-AC2A-3FA04F990EDF}.Ad-Hoc|Any CPU.ActiveCfg = Debug|Any CPU
		{35D326E8-8A87-46E4-AC2A-3FA04F990EDF}.Ad-Hoc|Any CPU.Build.0 = Debug|Any CPU
		{35D326E8-8A87-46E4-AC2A-3FA04F990EDF}.Ad-Hoc|ARM.ActiveCfg = Debug|Any CPU
		{35D326E8-8A87-46E4-AC2A-3FA04F990EDF}.Ad-Hoc|ARM.Build.0 = Debug|Any CPU
		{35D326E8-8A87-46E4-AC2A-3FA04F990EDF}.Ad-Hoc|iPhone.ActiveCfg = Debug|Any CPU
		{35D326E8-8A87-46E4-AC2A-3FA04F990EDF}.Ad-Hoc|iPhone.Build.0 = Debug|Any CPU
		{35D326E8-8A87-46E4-AC2A-3FA04F990EDF}.Ad-Hoc|iPhoneSimulator.ActiveCfg = Debug|Any CPU
		{35D326E8-8A87-46E4-AC2A-3FA04F990EDF}.Ad-Hoc|iPhoneSimulator.Build.0 = Debug|Any CPU
		{35D326E8-8A87-46E4-AC2A-3FA04F990EDF}.Ad-Hoc|x64.ActiveCfg = Debug|Any CPU
		{35D326E8-8A87-46E4-AC2A-3FA04F990EDF}.Ad-Hoc|x64.Build.0 = Debug|Any CPU
		{35D326E8-8A87-46E4-AC2A-3FA04F990EDF}.Ad-Hoc|x86.ActiveCfg = Debug|Any CPU
		{35D326E8-8A87-46E4-AC2A-3FA04F990EDF}.Ad-Hoc|x86.Build.0 = Debug|Any CPU
		{35D326E8-8A87-46E4-AC2A-3FA04F990EDF}.AppStore|Any CPU.ActiveCfg = Debug|Any CPU
		{35D326E8-8A87-46E4-AC2A-3FA04F990EDF}.AppStore|Any CPU.Build.0 = Debug|Any CPU
		{35D326E8-8A87-46E4-AC2A-3FA04F990EDF}.AppStore|ARM.ActiveCfg = Debug|Any CPU
		{35D326E8-8A87-46E4-AC2A-3FA04F990EDF}.AppStore|ARM.Build.0 = Debug|Any CPU
		{35D326E8-8A87-46E4-AC2A-3FA04F990EDF}.AppStore|iPhone.ActiveCfg = Debug|Any CPU
		{35D326E8-8A87-46E4-AC2A-3FA04F990EDF}.AppStore|iPhone.Build.0 = Debug|Any CPU
		{35D326E8-8A87-46E4-AC2A-3FA04F990EDF}.AppStore|iPhoneSimulator.ActiveCfg = Debug|Any CPU
		{35D326E8-8A87-46E4-AC2A-3FA04F990EDF}.AppStore|iPhoneSimulator.Build.0 = Debug|Any CPU
		{35D326E8-8A87-46E4-AC2A-3FA04F990EDF}.AppStore|x64.ActiveCfg = Debug|Any CPU
		{35D326E8-8A87-46E4-AC2A-3FA04F990EDF}.AppStore|x64.Build.0 = Debug|Any CPU
		{35D326E8-8A87-46E4-AC2A-3FA04F990EDF}.AppStore|x86.ActiveCfg = Debug|Any CPU
		{35D326E8-8A87-46E4-AC2A-3FA04F990EDF}.AppStore|x86.Build.0 = Debug|Any CPU
		{35D326E8-8A87-46E4-AC2A-3FA04F990EDF}.Debug|Any CPU.ActiveCfg = Debug|Any CPU
		{35D326E8-8A87-46E4-AC2A-3FA04F990EDF}.Debug|Any CPU.Build.0 = Debug|Any CPU
		{35D326E8-8A87-46E4-AC2A-3FA04F990EDF}.Debug|ARM.ActiveCfg = Debug|Any CPU
		{35D326E8-8A87-46E4-AC2A-3FA04F990EDF}.Debug|ARM.Build.0 = Debug|Any CPU
		{35D326E8-8A87-46E4-AC2A-3FA04F990EDF}.Debug|iPhone.ActiveCfg = Debug|Any CPU
		{35D326E8-8A87-46E4-AC2A-3FA04F990EDF}.Debug|iPhone.Build.0 = Debug|Any CPU
		{35D326E8-8A87-46E4-AC2A-3FA04F990EDF}.Debug|iPhoneSimulator.ActiveCfg = Debug|Any CPU
		{35D326E8-8A87-46E4-AC2A-3FA04F990EDF}.Debug|iPhoneSimulator.Build.0 = Debug|Any CPU
		{35D326E8-8A87-46E4-AC2A-3FA04F990EDF}.Debug|x64.ActiveCfg = Debug|Any CPU
		{35D326E8-8A87-46E4-AC2A-3FA04F990EDF}.Debug|x64.Build.0 = Debug|Any CPU
		{35D326E8-8A87-46E4-AC2A-3FA04F990EDF}.Debug|x86.ActiveCfg = Debug|Any CPU
		{35D326E8-8A87-46E4-AC2A-3FA04F990EDF}.Debug|x86.Build.0 = Debug|Any CPU
		{35D326E8-8A87-46E4-AC2A-3FA04F990EDF}.Release|Any CPU.ActiveCfg = Release|Any CPU
		{35D326E8-8A87-46E4-AC2A-3FA04F990EDF}.Release|Any CPU.Build.0 = Release|Any CPU
		{35D326E8-8A87-46E4-AC2A-3FA04F990EDF}.Release|ARM.ActiveCfg = Release|Any CPU
		{35D326E8-8A87-46E4-AC2A-3FA04F990EDF}.Release|ARM.Build.0 = Release|Any CPU
		{35D326E8-8A87-46E4-AC2A-3FA04F990EDF}.Release|iPhone.ActiveCfg = Release|Any CPU
		{35D326E8-8A87-46E4-AC2A-3FA04F990EDF}.Release|iPhone.Build.0 = Release|Any CPU
		{35D326E8-8A87-46E4-AC2A-3FA04F990EDF}.Release|iPhoneSimulator.ActiveCfg = Release|Any CPU
		{35D326E8-8A87-46E4-AC2A-3FA04F990EDF}.Release|iPhoneSimulator.Build.0 = Release|Any CPU
		{35D326E8-8A87-46E4-AC2A-3FA04F990EDF}.Release|x64.ActiveCfg = Release|Any CPU
		{35D326E8-8A87-46E4-AC2A-3FA04F990EDF}.Release|x64.Build.0 = Release|Any CPU
		{35D326E8-8A87-46E4-AC2A-3FA04F990EDF}.Release|x86.ActiveCfg = Release|Any CPU
		{35D326E8-8A87-46E4-AC2A-3FA04F990EDF}.Release|x86.Build.0 = Release|Any CPU
		{20ADABD8-7BF2-46C1-AEB9-8DF04DE4B46B}.Ad-Hoc|Any CPU.ActiveCfg = Debug|Any CPU
		{20ADABD8-7BF2-46C1-AEB9-8DF04DE4B46B}.Ad-Hoc|Any CPU.Build.0 = Debug|Any CPU
		{20ADABD8-7BF2-46C1-AEB9-8DF04DE4B46B}.Ad-Hoc|ARM.ActiveCfg = Debug|Any CPU
		{20ADABD8-7BF2-46C1-AEB9-8DF04DE4B46B}.Ad-Hoc|ARM.Build.0 = Debug|Any CPU
		{20ADABD8-7BF2-46C1-AEB9-8DF04DE4B46B}.Ad-Hoc|iPhone.ActiveCfg = Debug|Any CPU
		{20ADABD8-7BF2-46C1-AEB9-8DF04DE4B46B}.Ad-Hoc|iPhone.Build.0 = Debug|Any CPU
		{20ADABD8-7BF2-46C1-AEB9-8DF04DE4B46B}.Ad-Hoc|iPhoneSimulator.ActiveCfg = Debug|Any CPU
		{20ADABD8-7BF2-46C1-AEB9-8DF04DE4B46B}.Ad-Hoc|iPhoneSimulator.Build.0 = Debug|Any CPU
		{20ADABD8-7BF2-46C1-AEB9-8DF04DE4B46B}.Ad-Hoc|x64.ActiveCfg = Debug|Any CPU
		{20ADABD8-7BF2-46C1-AEB9-8DF04DE4B46B}.Ad-Hoc|x64.Build.0 = Debug|Any CPU
		{20ADABD8-7BF2-46C1-AEB9-8DF04DE4B46B}.Ad-Hoc|x86.ActiveCfg = Debug|Any CPU
		{20ADABD8-7BF2-46C1-AEB9-8DF04DE4B46B}.Ad-Hoc|x86.Build.0 = Debug|Any CPU
		{20ADABD8-7BF2-46C1-AEB9-8DF04DE4B46B}.AppStore|Any CPU.ActiveCfg = Debug|Any CPU
		{20ADABD8-7BF2-46C1-AEB9-8DF04DE4B46B}.AppStore|Any CPU.Build.0 = Debug|Any CPU
		{20ADABD8-7BF2-46C1-AEB9-8DF04DE4B46B}.AppStore|ARM.ActiveCfg = Debug|Any CPU
		{20ADABD8-7BF2-46C1-AEB9-8DF04DE4B46B}.AppStore|ARM.Build.0 = Debug|Any CPU
		{20ADABD8-7BF2-46C1-AEB9-8DF04DE4B46B}.AppStore|iPhone.ActiveCfg = Debug|Any CPU
		{20ADABD8-7BF2-46C1-AEB9-8DF04DE4B46B}.AppStore|iPhone.Build.0 = Debug|Any CPU
		{20ADABD8-7BF2-46C1-AEB9-8DF04DE4B46B}.AppStore|iPhoneSimulator.ActiveCfg = Debug|Any CPU
		{20ADABD8-7BF2-46C1-AEB9-8DF04DE4B46B}.AppStore|iPhoneSimulator.Build.0 = Debug|Any CPU
		{20ADABD8-7BF2-46C1-AEB9-8DF04DE4B46B}.AppStore|x64.ActiveCfg = Debug|Any CPU
		{20ADABD8-7BF2-46C1-AEB9-8DF04DE4B46B}.AppStore|x64.Build.0 = Debug|Any CPU
		{20ADABD8-7BF2-46C1-AEB9-8DF04DE4B46B}.AppStore|x86.ActiveCfg = Debug|Any CPU
		{20ADABD8-7BF2-46C1-AEB9-8DF04DE4B46B}.AppStore|x86.Build.0 = Debug|Any CPU
		{20ADABD8-7BF2-46C1-AEB9-8DF04DE4B46B}.Debug|Any CPU.ActiveCfg = Debug|Any CPU
		{20ADABD8-7BF2-46C1-AEB9-8DF04DE4B46B}.Debug|Any CPU.Build.0 = Debug|Any CPU
		{20ADABD8-7BF2-46C1-AEB9-8DF04DE4B46B}.Debug|ARM.ActiveCfg = Debug|Any CPU
		{20ADABD8-7BF2-46C1-AEB9-8DF04DE4B46B}.Debug|ARM.Build.0 = Debug|Any CPU
		{20ADABD8-7BF2-46C1-AEB9-8DF04DE4B46B}.Debug|iPhone.ActiveCfg = Debug|Any CPU
		{20ADABD8-7BF2-46C1-AEB9-8DF04DE4B46B}.Debug|iPhone.Build.0 = Debug|Any CPU
		{20ADABD8-7BF2-46C1-AEB9-8DF04DE4B46B}.Debug|iPhoneSimulator.ActiveCfg = Debug|Any CPU
		{20ADABD8-7BF2-46C1-AEB9-8DF04DE4B46B}.Debug|iPhoneSimulator.Build.0 = Debug|Any CPU
		{20ADABD8-7BF2-46C1-AEB9-8DF04DE4B46B}.Debug|x64.ActiveCfg = Debug|Any CPU
		{20ADABD8-7BF2-46C1-AEB9-8DF04DE4B46B}.Debug|x64.Build.0 = Debug|Any CPU
		{20ADABD8-7BF2-46C1-AEB9-8DF04DE4B46B}.Debug|x86.ActiveCfg = Debug|Any CPU
		{20ADABD8-7BF2-46C1-AEB9-8DF04DE4B46B}.Debug|x86.Build.0 = Debug|Any CPU
		{20ADABD8-7BF2-46C1-AEB9-8DF04DE4B46B}.Release|Any CPU.ActiveCfg = Release|Any CPU
		{20ADABD8-7BF2-46C1-AEB9-8DF04DE4B46B}.Release|Any CPU.Build.0 = Release|Any CPU
		{20ADABD8-7BF2-46C1-AEB9-8DF04DE4B46B}.Release|ARM.ActiveCfg = Release|Any CPU
		{20ADABD8-7BF2-46C1-AEB9-8DF04DE4B46B}.Release|ARM.Build.0 = Release|Any CPU
		{20ADABD8-7BF2-46C1-AEB9-8DF04DE4B46B}.Release|iPhone.ActiveCfg = Release|Any CPU
		{20ADABD8-7BF2-46C1-AEB9-8DF04DE4B46B}.Release|iPhone.Build.0 = Release|Any CPU
		{20ADABD8-7BF2-46C1-AEB9-8DF04DE4B46B}.Release|iPhoneSimulator.ActiveCfg = Release|Any CPU
		{20ADABD8-7BF2-46C1-AEB9-8DF04DE4B46B}.Release|iPhoneSimulator.Build.0 = Release|Any CPU
		{20ADABD8-7BF2-46C1-AEB9-8DF04DE4B46B}.Release|x64.ActiveCfg = Release|Any CPU
		{20ADABD8-7BF2-46C1-AEB9-8DF04DE4B46B}.Release|x64.Build.0 = Release|Any CPU
		{20ADABD8-7BF2-46C1-AEB9-8DF04DE4B46B}.Release|x86.ActiveCfg = Release|Any CPU
		{20ADABD8-7BF2-46C1-AEB9-8DF04DE4B46B}.Release|x86.Build.0 = Release|Any CPU
		{A990534E-80F4-4A82-9C1D-7A9EBF69B49F}.Ad-Hoc|Any CPU.ActiveCfg = Debug|Any CPU
		{A990534E-80F4-4A82-9C1D-7A9EBF69B49F}.Ad-Hoc|Any CPU.Build.0 = Debug|Any CPU
		{A990534E-80F4-4A82-9C1D-7A9EBF69B49F}.Ad-Hoc|ARM.ActiveCfg = Debug|Any CPU
		{A990534E-80F4-4A82-9C1D-7A9EBF69B49F}.Ad-Hoc|ARM.Build.0 = Debug|Any CPU
		{A990534E-80F4-4A82-9C1D-7A9EBF69B49F}.Ad-Hoc|iPhone.ActiveCfg = Debug|Any CPU
		{A990534E-80F4-4A82-9C1D-7A9EBF69B49F}.Ad-Hoc|iPhone.Build.0 = Debug|Any CPU
		{A990534E-80F4-4A82-9C1D-7A9EBF69B49F}.Ad-Hoc|iPhoneSimulator.ActiveCfg = Debug|Any CPU
		{A990534E-80F4-4A82-9C1D-7A9EBF69B49F}.Ad-Hoc|iPhoneSimulator.Build.0 = Debug|Any CPU
		{A990534E-80F4-4A82-9C1D-7A9EBF69B49F}.Ad-Hoc|x64.ActiveCfg = Debug|Any CPU
		{A990534E-80F4-4A82-9C1D-7A9EBF69B49F}.Ad-Hoc|x64.Build.0 = Debug|Any CPU
		{A990534E-80F4-4A82-9C1D-7A9EBF69B49F}.Ad-Hoc|x86.ActiveCfg = Debug|Any CPU
		{A990534E-80F4-4A82-9C1D-7A9EBF69B49F}.Ad-Hoc|x86.Build.0 = Debug|Any CPU
		{A990534E-80F4-4A82-9C1D-7A9EBF69B49F}.AppStore|Any CPU.ActiveCfg = Debug|Any CPU
		{A990534E-80F4-4A82-9C1D-7A9EBF69B49F}.AppStore|Any CPU.Build.0 = Debug|Any CPU
		{A990534E-80F4-4A82-9C1D-7A9EBF69B49F}.AppStore|ARM.ActiveCfg = Debug|Any CPU
		{A990534E-80F4-4A82-9C1D-7A9EBF69B49F}.AppStore|ARM.Build.0 = Debug|Any CPU
		{A990534E-80F4-4A82-9C1D-7A9EBF69B49F}.AppStore|iPhone.ActiveCfg = Debug|Any CPU
		{A990534E-80F4-4A82-9C1D-7A9EBF69B49F}.AppStore|iPhone.Build.0 = Debug|Any CPU
		{A990534E-80F4-4A82-9C1D-7A9EBF69B49F}.AppStore|iPhoneSimulator.ActiveCfg = Debug|Any CPU
		{A990534E-80F4-4A82-9C1D-7A9EBF69B49F}.AppStore|iPhoneSimulator.Build.0 = Debug|Any CPU
		{A990534E-80F4-4A82-9C1D-7A9EBF69B49F}.AppStore|x64.ActiveCfg = Debug|Any CPU
		{A990534E-80F4-4A82-9C1D-7A9EBF69B49F}.AppStore|x64.Build.0 = Debug|Any CPU
		{A990534E-80F4-4A82-9C1D-7A9EBF69B49F}.AppStore|x86.ActiveCfg = Debug|Any CPU
		{A990534E-80F4-4A82-9C1D-7A9EBF69B49F}.AppStore|x86.Build.0 = Debug|Any CPU
		{A990534E-80F4-4A82-9C1D-7A9EBF69B49F}.Debug|Any CPU.ActiveCfg = Debug|Any CPU
		{A990534E-80F4-4A82-9C1D-7A9EBF69B49F}.Debug|Any CPU.Build.0 = Debug|Any CPU
		{A990534E-80F4-4A82-9C1D-7A9EBF69B49F}.Debug|ARM.ActiveCfg = Debug|Any CPU
		{A990534E-80F4-4A82-9C1D-7A9EBF69B49F}.Debug|ARM.Build.0 = Debug|Any CPU
		{A990534E-80F4-4A82-9C1D-7A9EBF69B49F}.Debug|iPhone.ActiveCfg = Debug|Any CPU
		{A990534E-80F4-4A82-9C1D-7A9EBF69B49F}.Debug|iPhone.Build.0 = Debug|Any CPU
		{A990534E-80F4-4A82-9C1D-7A9EBF69B49F}.Debug|iPhoneSimulator.ActiveCfg = Debug|Any CPU
		{A990534E-80F4-4A82-9C1D-7A9EBF69B49F}.Debug|iPhoneSimulator.Build.0 = Debug|Any CPU
		{A990534E-80F4-4A82-9C1D-7A9EBF69B49F}.Debug|x64.ActiveCfg = Debug|Any CPU
		{A990534E-80F4-4A82-9C1D-7A9EBF69B49F}.Debug|x64.Build.0 = Debug|Any CPU
		{A990534E-80F4-4A82-9C1D-7A9EBF69B49F}.Debug|x86.ActiveCfg = Debug|Any CPU
		{A990534E-80F4-4A82-9C1D-7A9EBF69B49F}.Debug|x86.Build.0 = Debug|Any CPU
		{A990534E-80F4-4A82-9C1D-7A9EBF69B49F}.Release|Any CPU.ActiveCfg = Release|Any CPU
		{A990534E-80F4-4A82-9C1D-7A9EBF69B49F}.Release|Any CPU.Build.0 = Release|Any CPU
		{A990534E-80F4-4A82-9C1D-7A9EBF69B49F}.Release|ARM.ActiveCfg = Release|Any CPU
		{A990534E-80F4-4A82-9C1D-7A9EBF69B49F}.Release|ARM.Build.0 = Release|Any CPU
		{A990534E-80F4-4A82-9C1D-7A9EBF69B49F}.Release|iPhone.ActiveCfg = Release|Any CPU
		{A990534E-80F4-4A82-9C1D-7A9EBF69B49F}.Release|iPhone.Build.0 = Release|Any CPU
		{A990534E-80F4-4A82-9C1D-7A9EBF69B49F}.Release|iPhoneSimulator.ActiveCfg = Release|Any CPU
		{A990534E-80F4-4A82-9C1D-7A9EBF69B49F}.Release|iPhoneSimulator.Build.0 = Release|Any CPU
		{A990534E-80F4-4A82-9C1D-7A9EBF69B49F}.Release|x64.ActiveCfg = Release|Any CPU
		{A990534E-80F4-4A82-9C1D-7A9EBF69B49F}.Release|x64.Build.0 = Release|Any CPU
		{A990534E-80F4-4A82-9C1D-7A9EBF69B49F}.Release|x86.ActiveCfg = Release|Any CPU
		{A990534E-80F4-4A82-9C1D-7A9EBF69B49F}.Release|x86.Build.0 = Release|Any CPU
		{DA98EB9F-39CF-4BAD-A4C8-68779E843922}.Ad-Hoc|Any CPU.ActiveCfg = Debug|Any CPU
		{DA98EB9F-39CF-4BAD-A4C8-68779E843922}.Ad-Hoc|Any CPU.Build.0 = Debug|Any CPU
		{DA98EB9F-39CF-4BAD-A4C8-68779E843922}.Ad-Hoc|ARM.ActiveCfg = Debug|Any CPU
		{DA98EB9F-39CF-4BAD-A4C8-68779E843922}.Ad-Hoc|ARM.Build.0 = Debug|Any CPU
		{DA98EB9F-39CF-4BAD-A4C8-68779E843922}.Ad-Hoc|iPhone.ActiveCfg = Debug|Any CPU
		{DA98EB9F-39CF-4BAD-A4C8-68779E843922}.Ad-Hoc|iPhone.Build.0 = Debug|Any CPU
		{DA98EB9F-39CF-4BAD-A4C8-68779E843922}.Ad-Hoc|iPhoneSimulator.ActiveCfg = Debug|Any CPU
		{DA98EB9F-39CF-4BAD-A4C8-68779E843922}.Ad-Hoc|iPhoneSimulator.Build.0 = Debug|Any CPU
		{DA98EB9F-39CF-4BAD-A4C8-68779E843922}.Ad-Hoc|x64.ActiveCfg = Debug|Any CPU
		{DA98EB9F-39CF-4BAD-A4C8-68779E843922}.Ad-Hoc|x64.Build.0 = Debug|Any CPU
		{DA98EB9F-39CF-4BAD-A4C8-68779E843922}.Ad-Hoc|x86.ActiveCfg = Debug|Any CPU
		{DA98EB9F-39CF-4BAD-A4C8-68779E843922}.Ad-Hoc|x86.Build.0 = Debug|Any CPU
		{DA98EB9F-39CF-4BAD-A4C8-68779E843922}.AppStore|Any CPU.ActiveCfg = Debug|Any CPU
		{DA98EB9F-39CF-4BAD-A4C8-68779E843922}.AppStore|Any CPU.Build.0 = Debug|Any CPU
		{DA98EB9F-39CF-4BAD-A4C8-68779E843922}.AppStore|ARM.ActiveCfg = Debug|Any CPU
		{DA98EB9F-39CF-4BAD-A4C8-68779E843922}.AppStore|ARM.Build.0 = Debug|Any CPU
		{DA98EB9F-39CF-4BAD-A4C8-68779E843922}.AppStore|iPhone.ActiveCfg = Debug|Any CPU
		{DA98EB9F-39CF-4BAD-A4C8-68779E843922}.AppStore|iPhone.Build.0 = Debug|Any CPU
		{DA98EB9F-39CF-4BAD-A4C8-68779E843922}.AppStore|iPhoneSimulator.ActiveCfg = Debug|Any CPU
		{DA98EB9F-39CF-4BAD-A4C8-68779E843922}.AppStore|iPhoneSimulator.Build.0 = Debug|Any CPU
		{DA98EB9F-39CF-4BAD-A4C8-68779E843922}.AppStore|x64.ActiveCfg = Debug|Any CPU
		{DA98EB9F-39CF-4BAD-A4C8-68779E843922}.AppStore|x64.Build.0 = Debug|Any CPU
		{DA98EB9F-39CF-4BAD-A4C8-68779E843922}.AppStore|x86.ActiveCfg = Debug|Any CPU
		{DA98EB9F-39CF-4BAD-A4C8-68779E843922}.AppStore|x86.Build.0 = Debug|Any CPU
		{DA98EB9F-39CF-4BAD-A4C8-68779E843922}.Debug|Any CPU.ActiveCfg = Debug|Any CPU
		{DA98EB9F-39CF-4BAD-A4C8-68779E843922}.Debug|Any CPU.Build.0 = Debug|Any CPU
		{DA98EB9F-39CF-4BAD-A4C8-68779E843922}.Debug|ARM.ActiveCfg = Debug|Any CPU
		{DA98EB9F-39CF-4BAD-A4C8-68779E843922}.Debug|ARM.Build.0 = Debug|Any CPU
		{DA98EB9F-39CF-4BAD-A4C8-68779E843922}.Debug|iPhone.ActiveCfg = Debug|Any CPU
		{DA98EB9F-39CF-4BAD-A4C8-68779E843922}.Debug|iPhone.Build.0 = Debug|Any CPU
		{DA98EB9F-39CF-4BAD-A4C8-68779E843922}.Debug|iPhoneSimulator.ActiveCfg = Debug|Any CPU
		{DA98EB9F-39CF-4BAD-A4C8-68779E843922}.Debug|iPhoneSimulator.Build.0 = Debug|Any CPU
		{DA98EB9F-39CF-4BAD-A4C8-68779E843922}.Debug|x64.ActiveCfg = Debug|Any CPU
		{DA98EB9F-39CF-4BAD-A4C8-68779E843922}.Debug|x64.Build.0 = Debug|Any CPU
		{DA98EB9F-39CF-4BAD-A4C8-68779E843922}.Debug|x86.ActiveCfg = Debug|Any CPU
		{DA98EB9F-39CF-4BAD-A4C8-68779E843922}.Debug|x86.Build.0 = Debug|Any CPU
		{DA98EB9F-39CF-4BAD-A4C8-68779E843922}.Release|Any CPU.ActiveCfg = Release|Any CPU
		{DA98EB9F-39CF-4BAD-A4C8-68779E843922}.Release|Any CPU.Build.0 = Release|Any CPU
		{DA98EB9F-39CF-4BAD-A4C8-68779E843922}.Release|ARM.ActiveCfg = Release|Any CPU
		{DA98EB9F-39CF-4BAD-A4C8-68779E843922}.Release|ARM.Build.0 = Release|Any CPU
		{DA98EB9F-39CF-4BAD-A4C8-68779E843922}.Release|iPhone.ActiveCfg = Release|Any CPU
		{DA98EB9F-39CF-4BAD-A4C8-68779E843922}.Release|iPhone.Build.0 = Release|Any CPU
		{DA98EB9F-39CF-4BAD-A4C8-68779E843922}.Release|iPhoneSimulator.ActiveCfg = Release|Any CPU
		{DA98EB9F-39CF-4BAD-A4C8-68779E843922}.Release|iPhoneSimulator.Build.0 = Release|Any CPU
		{DA98EB9F-39CF-4BAD-A4C8-68779E843922}.Release|x64.ActiveCfg = Release|Any CPU
		{DA98EB9F-39CF-4BAD-A4C8-68779E843922}.Release|x64.Build.0 = Release|Any CPU
		{DA98EB9F-39CF-4BAD-A4C8-68779E843922}.Release|x86.ActiveCfg = Release|Any CPU
		{DA98EB9F-39CF-4BAD-A4C8-68779E843922}.Release|x86.Build.0 = Release|Any CPU
		{48FB5C4B-D430-49FC-B758-BFDA1F78FC58}.Ad-Hoc|Any CPU.ActiveCfg = Debug|Any CPU
		{48FB5C4B-D430-49FC-B758-BFDA1F78FC58}.Ad-Hoc|Any CPU.Build.0 = Debug|Any CPU
		{48FB5C4B-D430-49FC-B758-BFDA1F78FC58}.Ad-Hoc|ARM.ActiveCfg = Debug|Any CPU
		{48FB5C4B-D430-49FC-B758-BFDA1F78FC58}.Ad-Hoc|ARM.Build.0 = Debug|Any CPU
		{48FB5C4B-D430-49FC-B758-BFDA1F78FC58}.Ad-Hoc|iPhone.ActiveCfg = Debug|Any CPU
		{48FB5C4B-D430-49FC-B758-BFDA1F78FC58}.Ad-Hoc|iPhone.Build.0 = Debug|Any CPU
		{48FB5C4B-D430-49FC-B758-BFDA1F78FC58}.Ad-Hoc|iPhoneSimulator.ActiveCfg = Debug|Any CPU
		{48FB5C4B-D430-49FC-B758-BFDA1F78FC58}.Ad-Hoc|iPhoneSimulator.Build.0 = Debug|Any CPU
		{48FB5C4B-D430-49FC-B758-BFDA1F78FC58}.Ad-Hoc|x64.ActiveCfg = Debug|Any CPU
		{48FB5C4B-D430-49FC-B758-BFDA1F78FC58}.Ad-Hoc|x64.Build.0 = Debug|Any CPU
		{48FB5C4B-D430-49FC-B758-BFDA1F78FC58}.Ad-Hoc|x86.ActiveCfg = Debug|Any CPU
		{48FB5C4B-D430-49FC-B758-BFDA1F78FC58}.Ad-Hoc|x86.Build.0 = Debug|Any CPU
		{48FB5C4B-D430-49FC-B758-BFDA1F78FC58}.AppStore|Any CPU.ActiveCfg = Debug|Any CPU
		{48FB5C4B-D430-49FC-B758-BFDA1F78FC58}.AppStore|Any CPU.Build.0 = Debug|Any CPU
		{48FB5C4B-D430-49FC-B758-BFDA1F78FC58}.AppStore|ARM.ActiveCfg = Debug|Any CPU
		{48FB5C4B-D430-49FC-B758-BFDA1F78FC58}.AppStore|ARM.Build.0 = Debug|Any CPU
		{48FB5C4B-D430-49FC-B758-BFDA1F78FC58}.AppStore|iPhone.ActiveCfg = Debug|Any CPU
		{48FB5C4B-D430-49FC-B758-BFDA1F78FC58}.AppStore|iPhone.Build.0 = Debug|Any CPU
		{48FB5C4B-D430-49FC-B758-BFDA1F78FC58}.AppStore|iPhoneSimulator.ActiveCfg = Debug|Any CPU
		{48FB5C4B-D430-49FC-B758-BFDA1F78FC58}.AppStore|iPhoneSimulator.Build.0 = Debug|Any CPU
		{48FB5C4B-D430-49FC-B758-BFDA1F78FC58}.AppStore|x64.ActiveCfg = Debug|Any CPU
		{48FB5C4B-D430-49FC-B758-BFDA1F78FC58}.AppStore|x64.Build.0 = Debug|Any CPU
		{48FB5C4B-D430-49FC-B758-BFDA1F78FC58}.AppStore|x86.ActiveCfg = Debug|Any CPU
		{48FB5C4B-D430-49FC-B758-BFDA1F78FC58}.AppStore|x86.Build.0 = Debug|Any CPU
		{48FB5C4B-D430-49FC-B758-BFDA1F78FC58}.Debug|Any CPU.ActiveCfg = Debug|Any CPU
		{48FB5C4B-D430-49FC-B758-BFDA1F78FC58}.Debug|Any CPU.Build.0 = Debug|Any CPU
		{48FB5C4B-D430-49FC-B758-BFDA1F78FC58}.Debug|ARM.ActiveCfg = Debug|Any CPU
		{48FB5C4B-D430-49FC-B758-BFDA1F78FC58}.Debug|ARM.Build.0 = Debug|Any CPU
		{48FB5C4B-D430-49FC-B758-BFDA1F78FC58}.Debug|iPhone.ActiveCfg = Debug|Any CPU
		{48FB5C4B-D430-49FC-B758-BFDA1F78FC58}.Debug|iPhone.Build.0 = Debug|Any CPU
		{48FB5C4B-D430-49FC-B758-BFDA1F78FC58}.Debug|iPhoneSimulator.ActiveCfg = Debug|Any CPU
		{48FB5C4B-D430-49FC-B758-BFDA1F78FC58}.Debug|iPhoneSimulator.Build.0 = Debug|Any CPU
		{48FB5C4B-D430-49FC-B758-BFDA1F78FC58}.Debug|x64.ActiveCfg = Debug|Any CPU
		{48FB5C4B-D430-49FC-B758-BFDA1F78FC58}.Debug|x64.Build.0 = Debug|Any CPU
		{48FB5C4B-D430-49FC-B758-BFDA1F78FC58}.Debug|x86.ActiveCfg = Debug|Any CPU
		{48FB5C4B-D430-49FC-B758-BFDA1F78FC58}.Debug|x86.Build.0 = Debug|Any CPU
		{48FB5C4B-D430-49FC-B758-BFDA1F78FC58}.Release|Any CPU.ActiveCfg = Release|Any CPU
		{48FB5C4B-D430-49FC-B758-BFDA1F78FC58}.Release|Any CPU.Build.0 = Release|Any CPU
		{48FB5C4B-D430-49FC-B758-BFDA1F78FC58}.Release|ARM.ActiveCfg = Release|Any CPU
		{48FB5C4B-D430-49FC-B758-BFDA1F78FC58}.Release|ARM.Build.0 = Release|Any CPU
		{48FB5C4B-D430-49FC-B758-BFDA1F78FC58}.Release|iPhone.ActiveCfg = Release|Any CPU
		{48FB5C4B-D430-49FC-B758-BFDA1F78FC58}.Release|iPhone.Build.0 = Release|Any CPU
		{48FB5C4B-D430-49FC-B758-BFDA1F78FC58}.Release|iPhoneSimulator.ActiveCfg = Release|Any CPU
		{48FB5C4B-D430-49FC-B758-BFDA1F78FC58}.Release|iPhoneSimulator.Build.0 = Release|Any CPU
		{48FB5C4B-D430-49FC-B758-BFDA1F78FC58}.Release|x64.ActiveCfg = Release|Any CPU
		{48FB5C4B-D430-49FC-B758-BFDA1F78FC58}.Release|x64.Build.0 = Release|Any CPU
		{48FB5C4B-D430-49FC-B758-BFDA1F78FC58}.Release|x86.ActiveCfg = Release|Any CPU
		{48FB5C4B-D430-49FC-B758-BFDA1F78FC58}.Release|x86.Build.0 = Release|Any CPU
		{CB1C22D3-3AEC-42FD-A0DF-A4B84D20EBFF}.Ad-Hoc|Any CPU.ActiveCfg = Debug|Any CPU
		{CB1C22D3-3AEC-42FD-A0DF-A4B84D20EBFF}.Ad-Hoc|Any CPU.Build.0 = Debug|Any CPU
		{CB1C22D3-3AEC-42FD-A0DF-A4B84D20EBFF}.Ad-Hoc|ARM.ActiveCfg = Debug|Any CPU
		{CB1C22D3-3AEC-42FD-A0DF-A4B84D20EBFF}.Ad-Hoc|ARM.Build.0 = Debug|Any CPU
		{CB1C22D3-3AEC-42FD-A0DF-A4B84D20EBFF}.Ad-Hoc|iPhone.ActiveCfg = Debug|Any CPU
		{CB1C22D3-3AEC-42FD-A0DF-A4B84D20EBFF}.Ad-Hoc|iPhone.Build.0 = Debug|Any CPU
		{CB1C22D3-3AEC-42FD-A0DF-A4B84D20EBFF}.Ad-Hoc|iPhoneSimulator.ActiveCfg = Debug|Any CPU
		{CB1C22D3-3AEC-42FD-A0DF-A4B84D20EBFF}.Ad-Hoc|iPhoneSimulator.Build.0 = Debug|Any CPU
		{CB1C22D3-3AEC-42FD-A0DF-A4B84D20EBFF}.Ad-Hoc|x64.ActiveCfg = Debug|Any CPU
		{CB1C22D3-3AEC-42FD-A0DF-A4B84D20EBFF}.Ad-Hoc|x64.Build.0 = Debug|Any CPU
		{CB1C22D3-3AEC-42FD-A0DF-A4B84D20EBFF}.Ad-Hoc|x86.ActiveCfg = Debug|Any CPU
		{CB1C22D3-3AEC-42FD-A0DF-A4B84D20EBFF}.Ad-Hoc|x86.Build.0 = Debug|Any CPU
		{CB1C22D3-3AEC-42FD-A0DF-A4B84D20EBFF}.AppStore|Any CPU.ActiveCfg = Debug|Any CPU
		{CB1C22D3-3AEC-42FD-A0DF-A4B84D20EBFF}.AppStore|Any CPU.Build.0 = Debug|Any CPU
		{CB1C22D3-3AEC-42FD-A0DF-A4B84D20EBFF}.AppStore|ARM.ActiveCfg = Debug|Any CPU
		{CB1C22D3-3AEC-42FD-A0DF-A4B84D20EBFF}.AppStore|ARM.Build.0 = Debug|Any CPU
		{CB1C22D3-3AEC-42FD-A0DF-A4B84D20EBFF}.AppStore|iPhone.ActiveCfg = Debug|Any CPU
		{CB1C22D3-3AEC-42FD-A0DF-A4B84D20EBFF}.AppStore|iPhone.Build.0 = Debug|Any CPU
		{CB1C22D3-3AEC-42FD-A0DF-A4B84D20EBFF}.AppStore|iPhoneSimulator.ActiveCfg = Debug|Any CPU
		{CB1C22D3-3AEC-42FD-A0DF-A4B84D20EBFF}.AppStore|iPhoneSimulator.Build.0 = Debug|Any CPU
		{CB1C22D3-3AEC-42FD-A0DF-A4B84D20EBFF}.AppStore|x64.ActiveCfg = Debug|Any CPU
		{CB1C22D3-3AEC-42FD-A0DF-A4B84D20EBFF}.AppStore|x64.Build.0 = Debug|Any CPU
		{CB1C22D3-3AEC-42FD-A0DF-A4B84D20EBFF}.AppStore|x86.ActiveCfg = Debug|Any CPU
		{CB1C22D3-3AEC-42FD-A0DF-A4B84D20EBFF}.AppStore|x86.Build.0 = Debug|Any CPU
		{CB1C22D3-3AEC-42FD-A0DF-A4B84D20EBFF}.Debug|Any CPU.ActiveCfg = Debug|Any CPU
		{CB1C22D3-3AEC-42FD-A0DF-A4B84D20EBFF}.Debug|Any CPU.Build.0 = Debug|Any CPU
		{CB1C22D3-3AEC-42FD-A0DF-A4B84D20EBFF}.Debug|ARM.ActiveCfg = Debug|Any CPU
		{CB1C22D3-3AEC-42FD-A0DF-A4B84D20EBFF}.Debug|ARM.Build.0 = Debug|Any CPU
		{CB1C22D3-3AEC-42FD-A0DF-A4B84D20EBFF}.Debug|iPhone.ActiveCfg = Debug|Any CPU
		{CB1C22D3-3AEC-42FD-A0DF-A4B84D20EBFF}.Debug|iPhone.Build.0 = Debug|Any CPU
		{CB1C22D3-3AEC-42FD-A0DF-A4B84D20EBFF}.Debug|iPhoneSimulator.ActiveCfg = Debug|Any CPU
		{CB1C22D3-3AEC-42FD-A0DF-A4B84D20EBFF}.Debug|iPhoneSimulator.Build.0 = Debug|Any CPU
		{CB1C22D3-3AEC-42FD-A0DF-A4B84D20EBFF}.Debug|x64.ActiveCfg = Debug|Any CPU
		{CB1C22D3-3AEC-42FD-A0DF-A4B84D20EBFF}.Debug|x64.Build.0 = Debug|Any CPU
		{CB1C22D3-3AEC-42FD-A0DF-A4B84D20EBFF}.Debug|x86.ActiveCfg = Debug|Any CPU
		{CB1C22D3-3AEC-42FD-A0DF-A4B84D20EBFF}.Debug|x86.Build.0 = Debug|Any CPU
		{CB1C22D3-3AEC-42FD-A0DF-A4B84D20EBFF}.Release|Any CPU.ActiveCfg = Release|Any CPU
		{CB1C22D3-3AEC-42FD-A0DF-A4B84D20EBFF}.Release|Any CPU.Build.0 = Release|Any CPU
		{CB1C22D3-3AEC-42FD-A0DF-A4B84D20EBFF}.Release|ARM.ActiveCfg = Release|Any CPU
		{CB1C22D3-3AEC-42FD-A0DF-A4B84D20EBFF}.Release|ARM.Build.0 = Release|Any CPU
		{CB1C22D3-3AEC-42FD-A0DF-A4B84D20EBFF}.Release|iPhone.ActiveCfg = Release|Any CPU
		{CB1C22D3-3AEC-42FD-A0DF-A4B84D20EBFF}.Release|iPhone.Build.0 = Release|Any CPU
		{CB1C22D3-3AEC-42FD-A0DF-A4B84D20EBFF}.Release|iPhoneSimulator.ActiveCfg = Release|Any CPU
		{CB1C22D3-3AEC-42FD-A0DF-A4B84D20EBFF}.Release|iPhoneSimulator.Build.0 = Release|Any CPU
		{CB1C22D3-3AEC-42FD-A0DF-A4B84D20EBFF}.Release|x64.ActiveCfg = Release|Any CPU
		{CB1C22D3-3AEC-42FD-A0DF-A4B84D20EBFF}.Release|x64.Build.0 = Release|Any CPU
		{CB1C22D3-3AEC-42FD-A0DF-A4B84D20EBFF}.Release|x86.ActiveCfg = Release|Any CPU
		{CB1C22D3-3AEC-42FD-A0DF-A4B84D20EBFF}.Release|x86.Build.0 = Release|Any CPU
	EndGlobalSection
	GlobalSection(SolutionProperties) = preSolution
		HideSolutionNode = FALSE
	EndGlobalSection
	GlobalSection(NestedProjects) = preSolution
		{D88472DB-F368-430D-B37C-C5A911A7AB30} = {DF27C66B-7BD0-4EFD-9FA6-D371827A8C3A}
		{5ED4E3C3-36A8-4C00-8DF3-9ACF4188CAD4} = {DF27C66B-7BD0-4EFD-9FA6-D371827A8C3A}
		{175EF533-33A2-454C-BCEA-A8490728F47C} = {DF27C66B-7BD0-4EFD-9FA6-D371827A8C3A}
		{5A353DC6-A734-4DBD-94B2-068E33BFDEA2} = {DF27C66B-7BD0-4EFD-9FA6-D371827A8C3A}
		{35D326E8-8A87-46E4-AC2A-3FA04F990EDF} = {DF27C66B-7BD0-4EFD-9FA6-D371827A8C3A}
		{20ADABD8-7BF2-46C1-AEB9-8DF04DE4B46B} = {9B558E5C-D7A1-46B8-A30A-1F943E81842B}
		{A990534E-80F4-4A82-9C1D-7A9EBF69B49F} = {9B558E5C-D7A1-46B8-A30A-1F943E81842B}
		{9B558E5C-D7A1-46B8-A30A-1F943E81842B} = {D84A1B50-60C2-4C87-BF96-1728E461D580}
		{DA98EB9F-39CF-4BAD-A4C8-68779E843922} = {C8879A5C-969F-4FD2-924E-9D7951561A96}
		{C8879A5C-969F-4FD2-924E-9D7951561A96} = {DF27C66B-7BD0-4EFD-9FA6-D371827A8C3A}
		{48FB5C4B-D430-49FC-B758-BFDA1F78FC58} = {C8879A5C-969F-4FD2-924E-9D7951561A96}
		{CB1C22D3-3AEC-42FD-A0DF-A4B84D20EBFF} = {C8879A5C-969F-4FD2-924E-9D7951561A96}
	EndGlobalSection
	GlobalSection(ExtensibilityGlobals) = postSolution
		SolutionGuid = {0CB9B240-0C71-41DB-85D7-6D393A6D24D2}
	EndGlobalSection
EndGlobal
