
Microsoft Visual Studio Solution File, Format Version 12.00
# Visual Studio 15
VisualStudioVersion = 15.0.28010.2046
MinimumVisualStudioVersion = 10.0.40219.1
Project("{2150E333-8FDC-42A3-9474-1A3956D46DE8}") = "KutyApp.Services.Environment", "KutyApp.Services.Environment", "{9DC611F1-EA69-4DA6-B157-C74FE7006DFC}"
EndProject
Project("{2150E333-8FDC-42A3-9474-1A3956D46DE8}") = "Kutyapp.Client", "Kutyapp.Client", "{DF27C66B-7BD0-4EFD-9FA6-D371827A8C3A}"
EndProject
Project("{9A19103F-16F7-4668-BE54-9A1E7A4F7556}") = "KutyApp.Services.Environment.Api", "KutyApp.Services.Environment.Api\KutyApp.Services.Environment.Api.csproj", "{141F4960-65D6-4CA4-9624-B460052F491C}"
EndProject
Project("{9A19103F-16F7-4668-BE54-9A1E7A4F7556}") = "KutyApp.Services.Environment.Bll", "KutyApp.Services.Environment.Bll\KutyApp.Services.Environment.Bll.csproj", "{C1036CC8-1B30-4613-8523-430A6CD44063}"
EndProject
Project("{FAE04EC0-301F-11D3-BF4B-00C04F79EFBC}") = "KutyApp.Common", "KutyApp.Common\KutyApp.Common.csproj", "{D88472DB-F368-430D-B37C-C5A911A7AB30}"
EndProject
Project("{FAE04EC0-301F-11D3-BF4B-00C04F79EFBC}") = "KutyApp.Client.Xam", "KutyApp.Client.Xam\KutyApp.Client.Xam\KutyApp.Client.Xam.csproj", "{C84A8BFB-E2B9-4705-AA38-476C48E8FBB9}"
EndProject
Project("{FAE04EC0-301F-11D3-BF4B-00C04F79EFBC}") = "KutyApp.Client.Xam.Android", "KutyApp.Client.Xam\KutyApp.Client.Xam.Android\KutyApp.Client.Xam.Android.csproj", "{63DD8BC3-301E-4126-B060-4D749ACCF5C3}"
EndProject
Project("{FAE04EC0-301F-11D3-BF4B-00C04F79EFBC}") = "KutyApp.Client.Xam.iOS", "KutyApp.Client.Xam\KutyApp.Client.Xam.iOS\KutyApp.Client.Xam.iOS.csproj", "{9477D51F-EF9E-4A8B-A1FA-311E64BB2DF8}"
EndProject
Project("{FAE04EC0-301F-11D3-BF4B-00C04F79EFBC}") = "KutyApp.Client.Xam.UWP", "KutyApp.Client.Xam\KutyApp.Client.Xam.UWP\KutyApp.Client.Xam.UWP.csproj", "{8B42C784-2DC0-4420-A7A3-6D398A13E10C}"
EndProject
Global
	GlobalSection(SolutionConfigurationPlatforms) = preSolution
		Ad-Hoc|Any CPU = Ad-Hoc|Any CPU
		Ad-Hoc|ARM = Ad-Hoc|ARM
		Ad-Hoc|iPhone = Ad-Hoc|iPhone
		Ad-Hoc|iPhoneSimulator = Ad-Hoc|iPhoneSimulator
		Ad-Hoc|x64 = Ad-Hoc|x64
		Ad-Hoc|x86 = Ad-Hoc|x86
		AppStore|Any CPU = AppStore|Any CPU
		AppStore|ARM = AppStore|ARM
		AppStore|iPhone = AppStore|iPhone
		AppStore|iPhoneSimulator = AppStore|iPhoneSimulator
		AppStore|x64 = AppStore|x64
		AppStore|x86 = AppStore|x86
		Debug|Any CPU = Debug|Any CPU
		Debug|ARM = Debug|ARM
		Debug|iPhone = Debug|iPhone
		Debug|iPhoneSimulator = Debug|iPhoneSimulator
		Debug|x64 = Debug|x64
		Debug|x86 = Debug|x86
		Release|Any CPU = Release|Any CPU
		Release|ARM = Release|ARM
		Release|iPhone = Release|iPhone
		Release|iPhoneSimulator = Release|iPhoneSimulator
		Release|x64 = Release|x64
		Release|x86 = Release|x86
	EndGlobalSection
	GlobalSection(ProjectConfigurationPlatforms) = postSolution
		{141F4960-65D6-4CA4-9624-B460052F491C}.Ad-Hoc|Any CPU.ActiveCfg = Release|Any CPU
		{141F4960-65D6-4CA4-9624-B460052F491C}.Ad-Hoc|Any CPU.Build.0 = Release|Any CPU
		{141F4960-65D6-4CA4-9624-B460052F491C}.Ad-Hoc|ARM.ActiveCfg = Release|Any CPU
		{141F4960-65D6-4CA4-9624-B460052F491C}.Ad-Hoc|ARM.Build.0 = Release|Any CPU
		{141F4960-65D6-4CA4-9624-B460052F491C}.Ad-Hoc|iPhone.ActiveCfg = Release|Any CPU
		{141F4960-65D6-4CA4-9624-B460052F491C}.Ad-Hoc|iPhone.Build.0 = Release|Any CPU
		{141F4960-65D6-4CA4-9624-B460052F491C}.Ad-Hoc|iPhoneSimulator.ActiveCfg = Release|Any CPU
		{141F4960-65D6-4CA4-9624-B460052F491C}.Ad-Hoc|iPhoneSimulator.Build.0 = Release|Any CPU
		{141F4960-65D6-4CA4-9624-B460052F491C}.Ad-Hoc|x64.ActiveCfg = Release|Any CPU
		{141F4960-65D6-4CA4-9624-B460052F491C}.Ad-Hoc|x64.Build.0 = Release|Any CPU
		{141F4960-65D6-4CA4-9624-B460052F491C}.Ad-Hoc|x86.ActiveCfg = Release|Any CPU
		{141F4960-65D6-4CA4-9624-B460052F491C}.Ad-Hoc|x86.Build.0 = Release|Any CPU
		{141F4960-65D6-4CA4-9624-B460052F491C}.AppStore|Any CPU.ActiveCfg = Release|Any CPU
		{141F4960-65D6-4CA4-9624-B460052F491C}.AppStore|Any CPU.Build.0 = Release|Any CPU
		{141F4960-65D6-4CA4-9624-B460052F491C}.AppStore|ARM.ActiveCfg = Release|Any CPU
		{141F4960-65D6-4CA4-9624-B460052F491C}.AppStore|ARM.Build.0 = Release|Any CPU
		{141F4960-65D6-4CA4-9624-B460052F491C}.AppStore|iPhone.ActiveCfg = Release|Any CPU
		{141F4960-65D6-4CA4-9624-B460052F491C}.AppStore|iPhone.Build.0 = Release|Any CPU
		{141F4960-65D6-4CA4-9624-B460052F491C}.AppStore|iPhoneSimulator.ActiveCfg = Release|Any CPU
		{141F4960-65D6-4CA4-9624-B460052F491C}.AppStore|iPhoneSimulator.Build.0 = Release|Any CPU
		{141F4960-65D6-4CA4-9624-B460052F491C}.AppStore|x64.ActiveCfg = Release|Any CPU
		{141F4960-65D6-4CA4-9624-B460052F491C}.AppStore|x64.Build.0 = Release|Any CPU
		{141F4960-65D6-4CA4-9624-B460052F491C}.AppStore|x86.ActiveCfg = Release|Any CPU
		{141F4960-65D6-4CA4-9624-B460052F491C}.AppStore|x86.Build.0 = Release|Any CPU
		{141F4960-65D6-4CA4-9624-B460052F491C}.Debug|Any CPU.ActiveCfg = Debug|Any CPU
		{141F4960-65D6-4CA4-9624-B460052F491C}.Debug|Any CPU.Build.0 = Debug|Any CPU
		{141F4960-65D6-4CA4-9624-B460052F491C}.Debug|ARM.ActiveCfg = Debug|Any CPU
		{141F4960-65D6-4CA4-9624-B460052F491C}.Debug|ARM.Build.0 = Debug|Any CPU
		{141F4960-65D6-4CA4-9624-B460052F491C}.Debug|iPhone.ActiveCfg = Debug|Any CPU
		{141F4960-65D6-4CA4-9624-B460052F491C}.Debug|iPhone.Build.0 = Debug|Any CPU
		{141F4960-65D6-4CA4-9624-B460052F491C}.Debug|iPhoneSimulator.ActiveCfg = Debug|Any CPU
		{141F4960-65D6-4CA4-9624-B460052F491C}.Debug|iPhoneSimulator.Build.0 = Debug|Any CPU
		{141F4960-65D6-4CA4-9624-B460052F491C}.Debug|x64.ActiveCfg = Debug|Any CPU
		{141F4960-65D6-4CA4-9624-B460052F491C}.Debug|x64.Build.0 = Debug|Any CPU
		{141F4960-65D6-4CA4-9624-B460052F491C}.Debug|x86.ActiveCfg = Debug|Any CPU
		{141F4960-65D6-4CA4-9624-B460052F491C}.Debug|x86.Build.0 = Debug|Any CPU
		{141F4960-65D6-4CA4-9624-B460052F491C}.Release|Any CPU.ActiveCfg = Release|Any CPU
		{141F4960-65D6-4CA4-9624-B460052F491C}.Release|Any CPU.Build.0 = Release|Any CPU
		{141F4960-65D6-4CA4-9624-B460052F491C}.Release|ARM.ActiveCfg = Release|Any CPU
		{141F4960-65D6-4CA4-9624-B460052F491C}.Release|ARM.Build.0 = Release|Any CPU
		{141F4960-65D6-4CA4-9624-B460052F491C}.Release|iPhone.ActiveCfg = Release|Any CPU
		{141F4960-65D6-4CA4-9624-B460052F491C}.Release|iPhone.Build.0 = Release|Any CPU
		{141F4960-65D6-4CA4-9624-B460052F491C}.Release|iPhoneSimulator.ActiveCfg = Release|Any CPU
		{141F4960-65D6-4CA4-9624-B460052F491C}.Release|iPhoneSimulator.Build.0 = Release|Any CPU
		{141F4960-65D6-4CA4-9624-B460052F491C}.Release|x64.ActiveCfg = Release|Any CPU
		{141F4960-65D6-4CA4-9624-B460052F491C}.Release|x64.Build.0 = Release|Any CPU
		{141F4960-65D6-4CA4-9624-B460052F491C}.Release|x86.ActiveCfg = Release|Any CPU
		{141F4960-65D6-4CA4-9624-B460052F491C}.Release|x86.Build.0 = Release|Any CPU
		{C1036CC8-1B30-4613-8523-430A6CD44063}.Ad-Hoc|Any CPU.ActiveCfg = Release|Any CPU
		{C1036CC8-1B30-4613-8523-430A6CD44063}.Ad-Hoc|Any CPU.Build.0 = Release|Any CPU
		{C1036CC8-1B30-4613-8523-430A6CD44063}.Ad-Hoc|ARM.ActiveCfg = Release|Any CPU
		{C1036CC8-1B30-4613-8523-430A6CD44063}.Ad-Hoc|ARM.Build.0 = Release|Any CPU
		{C1036CC8-1B30-4613-8523-430A6CD44063}.Ad-Hoc|iPhone.ActiveCfg = Release|Any CPU
		{C1036CC8-1B30-4613-8523-430A6CD44063}.Ad-Hoc|iPhone.Build.0 = Release|Any CPU
		{C1036CC8-1B30-4613-8523-430A6CD44063}.Ad-Hoc|iPhoneSimulator.ActiveCfg = Release|Any CPU
		{C1036CC8-1B30-4613-8523-430A6CD44063}.Ad-Hoc|iPhoneSimulator.Build.0 = Release|Any CPU
		{C1036CC8-1B30-4613-8523-430A6CD44063}.Ad-Hoc|x64.ActiveCfg = Release|Any CPU
		{C1036CC8-1B30-4613-8523-430A6CD44063}.Ad-Hoc|x64.Build.0 = Release|Any CPU
		{C1036CC8-1B30-4613-8523-430A6CD44063}.Ad-Hoc|x86.ActiveCfg = Release|Any CPU
		{C1036CC8-1B30-4613-8523-430A6CD44063}.Ad-Hoc|x86.Build.0 = Release|Any CPU
		{C1036CC8-1B30-4613-8523-430A6CD44063}.AppStore|Any CPU.ActiveCfg = Release|Any CPU
		{C1036CC8-1B30-4613-8523-430A6CD44063}.AppStore|Any CPU.Build.0 = Release|Any CPU
		{C1036CC8-1B30-4613-8523-430A6CD44063}.AppStore|ARM.ActiveCfg = Release|Any CPU
		{C1036CC8-1B30-4613-8523-430A6CD44063}.AppStore|ARM.Build.0 = Release|Any CPU
		{C1036CC8-1B30-4613-8523-430A6CD44063}.AppStore|iPhone.ActiveCfg = Release|Any CPU
		{C1036CC8-1B30-4613-8523-430A6CD44063}.AppStore|iPhone.Build.0 = Release|Any CPU
		{C1036CC8-1B30-4613-8523-430A6CD44063}.AppStore|iPhoneSimulator.ActiveCfg = Release|Any CPU
		{C1036CC8-1B30-4613-8523-430A6CD44063}.AppStore|iPhoneSimulator.Build.0 = Release|Any CPU
		{C1036CC8-1B30-4613-8523-430A6CD44063}.AppStore|x64.ActiveCfg = Release|Any CPU
		{C1036CC8-1B30-4613-8523-430A6CD44063}.AppStore|x64.Build.0 = Release|Any CPU
		{C1036CC8-1B30-4613-8523-430A6CD44063}.AppStore|x86.ActiveCfg = Release|Any CPU
		{C1036CC8-1B30-4613-8523-430A6CD44063}.AppStore|x86.Build.0 = Release|Any CPU
		{C1036CC8-1B30-4613-8523-430A6CD44063}.Debug|Any CPU.ActiveCfg = Debug|Any CPU
		{C1036CC8-1B30-4613-8523-430A6CD44063}.Debug|Any CPU.Build.0 = Debug|Any CPU
		{C1036CC8-1B30-4613-8523-430A6CD44063}.Debug|ARM.ActiveCfg = Debug|Any CPU
		{C1036CC8-1B30-4613-8523-430A6CD44063}.Debug|ARM.Build.0 = Debug|Any CPU
		{C1036CC8-1B30-4613-8523-430A6CD44063}.Debug|iPhone.ActiveCfg = Debug|Any CPU
		{C1036CC8-1B30-4613-8523-430A6CD44063}.Debug|iPhone.Build.0 = Debug|Any CPU
		{C1036CC8-1B30-4613-8523-430A6CD44063}.Debug|iPhoneSimulator.ActiveCfg = Debug|Any CPU
		{C1036CC8-1B30-4613-8523-430A6CD44063}.Debug|iPhoneSimulator.Build.0 = Debug|Any CPU
		{C1036CC8-1B30-4613-8523-430A6CD44063}.Debug|x64.ActiveCfg = Debug|Any CPU
		{C1036CC8-1B30-4613-8523-430A6CD44063}.Debug|x64.Build.0 = Debug|Any CPU
		{C1036CC8-1B30-4613-8523-430A6CD44063}.Debug|x86.ActiveCfg = Debug|Any CPU
		{C1036CC8-1B30-4613-8523-430A6CD44063}.Debug|x86.Build.0 = Debug|Any CPU
		{C1036CC8-1B30-4613-8523-430A6CD44063}.Release|Any CPU.ActiveCfg = Release|Any CPU
		{C1036CC8-1B30-4613-8523-430A6CD44063}.Release|Any CPU.Build.0 = Release|Any CPU
		{C1036CC8-1B30-4613-8523-430A6CD44063}.Release|ARM.ActiveCfg = Release|Any CPU
		{C1036CC8-1B30-4613-8523-430A6CD44063}.Release|ARM.Build.0 = Release|Any CPU
		{C1036CC8-1B30-4613-8523-430A6CD44063}.Release|iPhone.ActiveCfg = Release|Any CPU
		{C1036CC8-1B30-4613-8523-430A6CD44063}.Release|iPhone.Build.0 = Release|Any CPU
		{C1036CC8-1B30-4613-8523-430A6CD44063}.Release|iPhoneSimulator.ActiveCfg = Release|Any CPU
		{C1036CC8-1B30-4613-8523-430A6CD44063}.Release|iPhoneSimulator.Build.0 = Release|Any CPU
		{C1036CC8-1B30-4613-8523-430A6CD44063}.Release|x64.ActiveCfg = Release|Any CPU
		{C1036CC8-1B30-4613-8523-430A6CD44063}.Release|x64.Build.0 = Release|Any CPU
		{C1036CC8-1B30-4613-8523-430A6CD44063}.Release|x86.ActiveCfg = Release|Any CPU
		{C1036CC8-1B30-4613-8523-430A6CD44063}.Release|x86.Build.0 = Release|Any CPU
		{D88472DB-F368-430D-B37C-C5A911A7AB30}.Ad-Hoc|Any CPU.ActiveCfg = Debug|Any CPU
		{D88472DB-F368-430D-B37C-C5A911A7AB30}.Ad-Hoc|Any CPU.Build.0 = Debug|Any CPU
		{D88472DB-F368-430D-B37C-C5A911A7AB30}.Ad-Hoc|ARM.ActiveCfg = Debug|Any CPU
		{D88472DB-F368-430D-B37C-C5A911A7AB30}.Ad-Hoc|ARM.Build.0 = Debug|Any CPU
		{D88472DB-F368-430D-B37C-C5A911A7AB30}.Ad-Hoc|iPhone.ActiveCfg = Debug|Any CPU
		{D88472DB-F368-430D-B37C-C5A911A7AB30}.Ad-Hoc|iPhone.Build.0 = Debug|Any CPU
		{D88472DB-F368-430D-B37C-C5A911A7AB30}.Ad-Hoc|iPhoneSimulator.ActiveCfg = Debug|Any CPU
		{D88472DB-F368-430D-B37C-C5A911A7AB30}.Ad-Hoc|iPhoneSimulator.Build.0 = Debug|Any CPU
		{D88472DB-F368-430D-B37C-C5A911A7AB30}.Ad-Hoc|x64.ActiveCfg = Debug|Any CPU
		{D88472DB-F368-430D-B37C-C5A911A7AB30}.Ad-Hoc|x64.Build.0 = Debug|Any CPU
		{D88472DB-F368-430D-B37C-C5A911A7AB30}.Ad-Hoc|x86.ActiveCfg = Debug|Any CPU
		{D88472DB-F368-430D-B37C-C5A911A7AB30}.Ad-Hoc|x86.Build.0 = Debug|Any CPU
		{D88472DB-F368-430D-B37C-C5A911A7AB30}.AppStore|Any CPU.ActiveCfg = Debug|Any CPU
		{D88472DB-F368-430D-B37C-C5A911A7AB30}.AppStore|Any CPU.Build.0 = Debug|Any CPU
		{D88472DB-F368-430D-B37C-C5A911A7AB30}.AppStore|ARM.ActiveCfg = Debug|Any CPU
		{D88472DB-F368-430D-B37C-C5A911A7AB30}.AppStore|ARM.Build.0 = Debug|Any CPU
		{D88472DB-F368-430D-B37C-C5A911A7AB30}.AppStore|iPhone.ActiveCfg = Debug|Any CPU
		{D88472DB-F368-430D-B37C-C5A911A7AB30}.AppStore|iPhone.Build.0 = Debug|Any CPU
		{D88472DB-F368-430D-B37C-C5A911A7AB30}.AppStore|iPhoneSimulator.ActiveCfg = Debug|Any CPU
		{D88472DB-F368-430D-B37C-C5A911A7AB30}.AppStore|iPhoneSimulator.Build.0 = Debug|Any CPU
		{D88472DB-F368-430D-B37C-C5A911A7AB30}.AppStore|x64.ActiveCfg = Debug|Any CPU
		{D88472DB-F368-430D-B37C-C5A911A7AB30}.AppStore|x64.Build.0 = Debug|Any CPU
		{D88472DB-F368-430D-B37C-C5A911A7AB30}.AppStore|x86.ActiveCfg = Debug|Any CPU
		{D88472DB-F368-430D-B37C-C5A911A7AB30}.AppStore|x86.Build.0 = Debug|Any CPU
		{D88472DB-F368-430D-B37C-C5A911A7AB30}.Debug|Any CPU.ActiveCfg = Debug|Any CPU
		{D88472DB-F368-430D-B37C-C5A911A7AB30}.Debug|Any CPU.Build.0 = Debug|Any CPU
		{D88472DB-F368-430D-B37C-C5A911A7AB30}.Debug|ARM.ActiveCfg = Debug|Any CPU
		{D88472DB-F368-430D-B37C-C5A911A7AB30}.Debug|ARM.Build.0 = Debug|Any CPU
		{D88472DB-F368-430D-B37C-C5A911A7AB30}.Debug|iPhone.ActiveCfg = Debug|Any CPU
		{D88472DB-F368-430D-B37C-C5A911A7AB30}.Debug|iPhone.Build.0 = Debug|Any CPU
		{D88472DB-F368-430D-B37C-C5A911A7AB30}.Debug|iPhoneSimulator.ActiveCfg = Debug|Any CPU
		{D88472DB-F368-430D-B37C-C5A911A7AB30}.Debug|iPhoneSimulator.Build.0 = Debug|Any CPU
		{D88472DB-F368-430D-B37C-C5A911A7AB30}.Debug|x64.ActiveCfg = Debug|Any CPU
		{D88472DB-F368-430D-B37C-C5A911A7AB30}.Debug|x64.Build.0 = Debug|Any CPU
		{D88472DB-F368-430D-B37C-C5A911A7AB30}.Debug|x86.ActiveCfg = Debug|Any CPU
		{D88472DB-F368-430D-B37C-C5A911A7AB30}.Debug|x86.Build.0 = Debug|Any CPU
		{D88472DB-F368-430D-B37C-C5A911A7AB30}.Release|Any CPU.ActiveCfg = Release|Any CPU
		{D88472DB-F368-430D-B37C-C5A911A7AB30}.Release|Any CPU.Build.0 = Release|Any CPU
		{D88472DB-F368-430D-B37C-C5A911A7AB30}.Release|ARM.ActiveCfg = Release|Any CPU
		{D88472DB-F368-430D-B37C-C5A911A7AB30}.Release|ARM.Build.0 = Release|Any CPU
		{D88472DB-F368-430D-B37C-C5A911A7AB30}.Release|iPhone.ActiveCfg = Release|Any CPU
		{D88472DB-F368-430D-B37C-C5A911A7AB30}.Release|iPhone.Build.0 = Release|Any CPU
		{D88472DB-F368-430D-B37C-C5A911A7AB30}.Release|iPhoneSimulator.ActiveCfg = Release|Any CPU
		{D88472DB-F368-430D-B37C-C5A911A7AB30}.Release|iPhoneSimulator.Build.0 = Release|Any CPU
		{D88472DB-F368-430D-B37C-C5A911A7AB30}.Release|x64.ActiveCfg = Release|Any CPU
		{D88472DB-F368-430D-B37C-C5A911A7AB30}.Release|x64.Build.0 = Release|Any CPU
		{D88472DB-F368-430D-B37C-C5A911A7AB30}.Release|x86.ActiveCfg = Release|Any CPU
		{D88472DB-F368-430D-B37C-C5A911A7AB30}.Release|x86.Build.0 = Release|Any CPU
		{C84A8BFB-E2B9-4705-AA38-476C48E8FBB9}.Ad-Hoc|Any CPU.ActiveCfg = Debug|Any CPU
		{C84A8BFB-E2B9-4705-AA38-476C48E8FBB9}.Ad-Hoc|Any CPU.Build.0 = Debug|Any CPU
		{C84A8BFB-E2B9-4705-AA38-476C48E8FBB9}.Ad-Hoc|ARM.ActiveCfg = Debug|Any CPU
		{C84A8BFB-E2B9-4705-AA38-476C48E8FBB9}.Ad-Hoc|ARM.Build.0 = Debug|Any CPU
		{C84A8BFB-E2B9-4705-AA38-476C48E8FBB9}.Ad-Hoc|iPhone.ActiveCfg = Debug|Any CPU
		{C84A8BFB-E2B9-4705-AA38-476C48E8FBB9}.Ad-Hoc|iPhone.Build.0 = Debug|Any CPU
		{C84A8BFB-E2B9-4705-AA38-476C48E8FBB9}.Ad-Hoc|iPhoneSimulator.ActiveCfg = Debug|Any CPU
		{C84A8BFB-E2B9-4705-AA38-476C48E8FBB9}.Ad-Hoc|iPhoneSimulator.Build.0 = Debug|Any CPU
		{C84A8BFB-E2B9-4705-AA38-476C48E8FBB9}.Ad-Hoc|x64.ActiveCfg = Debug|Any CPU
		{C84A8BFB-E2B9-4705-AA38-476C48E8FBB9}.Ad-Hoc|x64.Build.0 = Debug|Any CPU
		{C84A8BFB-E2B9-4705-AA38-476C48E8FBB9}.Ad-Hoc|x86.ActiveCfg = Debug|Any CPU
		{C84A8BFB-E2B9-4705-AA38-476C48E8FBB9}.Ad-Hoc|x86.Build.0 = Debug|Any CPU
		{C84A8BFB-E2B9-4705-AA38-476C48E8FBB9}.AppStore|Any CPU.ActiveCfg = Debug|Any CPU
		{C84A8BFB-E2B9-4705-AA38-476C48E8FBB9}.AppStore|Any CPU.Build.0 = Debug|Any CPU
		{C84A8BFB-E2B9-4705-AA38-476C48E8FBB9}.AppStore|ARM.ActiveCfg = Debug|Any CPU
		{C84A8BFB-E2B9-4705-AA38-476C48E8FBB9}.AppStore|ARM.Build.0 = Debug|Any CPU
		{C84A8BFB-E2B9-4705-AA38-476C48E8FBB9}.AppStore|iPhone.ActiveCfg = Debug|Any CPU
		{C84A8BFB-E2B9-4705-AA38-476C48E8FBB9}.AppStore|iPhone.Build.0 = Debug|Any CPU
		{C84A8BFB-E2B9-4705-AA38-476C48E8FBB9}.AppStore|iPhoneSimulator.ActiveCfg = Debug|Any CPU
		{C84A8BFB-E2B9-4705-AA38-476C48E8FBB9}.AppStore|iPhoneSimulator.Build.0 = Debug|Any CPU
		{C84A8BFB-E2B9-4705-AA38-476C48E8FBB9}.AppStore|x64.ActiveCfg = Debug|Any CPU
		{C84A8BFB-E2B9-4705-AA38-476C48E8FBB9}.AppStore|x64.Build.0 = Debug|Any CPU
		{C84A8BFB-E2B9-4705-AA38-476C48E8FBB9}.AppStore|x86.ActiveCfg = Debug|Any CPU
		{C84A8BFB-E2B9-4705-AA38-476C48E8FBB9}.AppStore|x86.Build.0 = Debug|Any CPU
		{C84A8BFB-E2B9-4705-AA38-476C48E8FBB9}.Debug|Any CPU.ActiveCfg = Debug|Any CPU
		{C84A8BFB-E2B9-4705-AA38-476C48E8FBB9}.Debug|Any CPU.Build.0 = Debug|Any CPU
		{C84A8BFB-E2B9-4705-AA38-476C48E8FBB9}.Debug|ARM.ActiveCfg = Debug|Any CPU
		{C84A8BFB-E2B9-4705-AA38-476C48E8FBB9}.Debug|ARM.Build.0 = Debug|Any CPU
		{C84A8BFB-E2B9-4705-AA38-476C48E8FBB9}.Debug|iPhone.ActiveCfg = Debug|Any CPU
		{C84A8BFB-E2B9-4705-AA38-476C48E8FBB9}.Debug|iPhone.Build.0 = Debug|Any CPU
		{C84A8BFB-E2B9-4705-AA38-476C48E8FBB9}.Debug|iPhoneSimulator.ActiveCfg = Debug|Any CPU
		{C84A8BFB-E2B9-4705-AA38-476C48E8FBB9}.Debug|iPhoneSimulator.Build.0 = Debug|Any CPU
		{C84A8BFB-E2B9-4705-AA38-476C48E8FBB9}.Debug|x64.ActiveCfg = Debug|Any CPU
		{C84A8BFB-E2B9-4705-AA38-476C48E8FBB9}.Debug|x64.Build.0 = Debug|Any CPU
		{C84A8BFB-E2B9-4705-AA38-476C48E8FBB9}.Debug|x86.ActiveCfg = Debug|Any CPU
		{C84A8BFB-E2B9-4705-AA38-476C48E8FBB9}.Debug|x86.Build.0 = Debug|Any CPU
		{C84A8BFB-E2B9-4705-AA38-476C48E8FBB9}.Release|Any CPU.ActiveCfg = Release|Any CPU
		{C84A8BFB-E2B9-4705-AA38-476C48E8FBB9}.Release|Any CPU.Build.0 = Release|Any CPU
		{C84A8BFB-E2B9-4705-AA38-476C48E8FBB9}.Release|ARM.ActiveCfg = Release|Any CPU
		{C84A8BFB-E2B9-4705-AA38-476C48E8FBB9}.Release|ARM.Build.0 = Release|Any CPU
		{C84A8BFB-E2B9-4705-AA38-476C48E8FBB9}.Release|iPhone.ActiveCfg = Release|Any CPU
		{C84A8BFB-E2B9-4705-AA38-476C48E8FBB9}.Release|iPhone.Build.0 = Release|Any CPU
		{C84A8BFB-E2B9-4705-AA38-476C48E8FBB9}.Release|iPhoneSimulator.ActiveCfg = Release|Any CPU
		{C84A8BFB-E2B9-4705-AA38-476C48E8FBB9}.Release|iPhoneSimulator.Build.0 = Release|Any CPU
		{C84A8BFB-E2B9-4705-AA38-476C48E8FBB9}.Release|x64.ActiveCfg = Release|Any CPU
		{C84A8BFB-E2B9-4705-AA38-476C48E8FBB9}.Release|x64.Build.0 = Release|Any CPU
		{C84A8BFB-E2B9-4705-AA38-476C48E8FBB9}.Release|x86.ActiveCfg = Release|Any CPU
		{C84A8BFB-E2B9-4705-AA38-476C48E8FBB9}.Release|x86.Build.0 = Release|Any CPU
		{63DD8BC3-301E-4126-B060-4D749ACCF5C3}.Ad-Hoc|Any CPU.ActiveCfg = Release|Any CPU
		{63DD8BC3-301E-4126-B060-4D749ACCF5C3}.Ad-Hoc|Any CPU.Build.0 = Release|Any CPU
		{63DD8BC3-301E-4126-B060-4D749ACCF5C3}.Ad-Hoc|Any CPU.Deploy.0 = Release|Any CPU
		{63DD8BC3-301E-4126-B060-4D749ACCF5C3}.Ad-Hoc|ARM.ActiveCfg = Release|Any CPU
		{63DD8BC3-301E-4126-B060-4D749ACCF5C3}.Ad-Hoc|ARM.Build.0 = Release|Any CPU
		{63DD8BC3-301E-4126-B060-4D749ACCF5C3}.Ad-Hoc|ARM.Deploy.0 = Release|Any CPU
		{63DD8BC3-301E-4126-B060-4D749ACCF5C3}.Ad-Hoc|iPhone.ActiveCfg = Release|Any CPU
		{63DD8BC3-301E-4126-B060-4D749ACCF5C3}.Ad-Hoc|iPhone.Build.0 = Release|Any CPU
		{63DD8BC3-301E-4126-B060-4D749ACCF5C3}.Ad-Hoc|iPhone.Deploy.0 = Release|Any CPU
		{63DD8BC3-301E-4126-B060-4D749ACCF5C3}.Ad-Hoc|iPhoneSimulator.ActiveCfg = Release|Any CPU
		{63DD8BC3-301E-4126-B060-4D749ACCF5C3}.Ad-Hoc|iPhoneSimulator.Build.0 = Release|Any CPU
		{63DD8BC3-301E-4126-B060-4D749ACCF5C3}.Ad-Hoc|iPhoneSimulator.Deploy.0 = Release|Any CPU
		{63DD8BC3-301E-4126-B060-4D749ACCF5C3}.Ad-Hoc|x64.ActiveCfg = Release|Any CPU
		{63DD8BC3-301E-4126-B060-4D749ACCF5C3}.Ad-Hoc|x64.Build.0 = Release|Any CPU
		{63DD8BC3-301E-4126-B060-4D749ACCF5C3}.Ad-Hoc|x64.Deploy.0 = Release|Any CPU
		{63DD8BC3-301E-4126-B060-4D749ACCF5C3}.Ad-Hoc|x86.ActiveCfg = Release|Any CPU
		{63DD8BC3-301E-4126-B060-4D749ACCF5C3}.Ad-Hoc|x86.Build.0 = Release|Any CPU
		{63DD8BC3-301E-4126-B060-4D749ACCF5C3}.Ad-Hoc|x86.Deploy.0 = Release|Any CPU
		{63DD8BC3-301E-4126-B060-4D749ACCF5C3}.AppStore|Any CPU.ActiveCfg = Release|Any CPU
		{63DD8BC3-301E-4126-B060-4D749ACCF5C3}.AppStore|Any CPU.Build.0 = Release|Any CPU
		{63DD8BC3-301E-4126-B060-4D749ACCF5C3}.AppStore|Any CPU.Deploy.0 = Release|Any CPU
		{63DD8BC3-301E-4126-B060-4D749ACCF5C3}.AppStore|ARM.ActiveCfg = Release|Any CPU
		{63DD8BC3-301E-4126-B060-4D749ACCF5C3}.AppStore|ARM.Build.0 = Release|Any CPU
		{63DD8BC3-301E-4126-B060-4D749ACCF5C3}.AppStore|ARM.Deploy.0 = Release|Any CPU
		{63DD8BC3-301E-4126-B060-4D749ACCF5C3}.AppStore|iPhone.ActiveCfg = Release|Any CPU
		{63DD8BC3-301E-4126-B060-4D749ACCF5C3}.AppStore|iPhone.Build.0 = Release|Any CPU
		{63DD8BC3-301E-4126-B060-4D749ACCF5C3}.AppStore|iPhone.Deploy.0 = Release|Any CPU
		{63DD8BC3-301E-4126-B060-4D749ACCF5C3}.AppStore|iPhoneSimulator.ActiveCfg = Release|Any CPU
		{63DD8BC3-301E-4126-B060-4D749ACCF5C3}.AppStore|iPhoneSimulator.Build.0 = Release|Any CPU
		{63DD8BC3-301E-4126-B060-4D749ACCF5C3}.AppStore|iPhoneSimulator.Deploy.0 = Release|Any CPU
		{63DD8BC3-301E-4126-B060-4D749ACCF5C3}.AppStore|x64.ActiveCfg = Release|Any CPU
		{63DD8BC3-301E-4126-B060-4D749ACCF5C3}.AppStore|x64.Build.0 = Release|Any CPU
		{63DD8BC3-301E-4126-B060-4D749ACCF5C3}.AppStore|x64.Deploy.0 = Release|Any CPU
		{63DD8BC3-301E-4126-B060-4D749ACCF5C3}.AppStore|x86.ActiveCfg = Release|Any CPU
		{63DD8BC3-301E-4126-B060-4D749ACCF5C3}.AppStore|x86.Build.0 = Release|Any CPU
		{63DD8BC3-301E-4126-B060-4D749ACCF5C3}.AppStore|x86.Deploy.0 = Release|Any CPU
		{63DD8BC3-301E-4126-B060-4D749ACCF5C3}.Debug|Any CPU.ActiveCfg = Debug|Any CPU
		{63DD8BC3-301E-4126-B060-4D749ACCF5C3}.Debug|Any CPU.Build.0 = Debug|Any CPU
		{63DD8BC3-301E-4126-B060-4D749ACCF5C3}.Debug|Any CPU.Deploy.0 = Debug|Any CPU
		{63DD8BC3-301E-4126-B060-4D749ACCF5C3}.Debug|ARM.ActiveCfg = Debug|Any CPU
		{63DD8BC3-301E-4126-B060-4D749ACCF5C3}.Debug|ARM.Build.0 = Debug|Any CPU
		{63DD8BC3-301E-4126-B060-4D749ACCF5C3}.Debug|ARM.Deploy.0 = Debug|Any CPU
		{63DD8BC3-301E-4126-B060-4D749ACCF5C3}.Debug|iPhone.ActiveCfg = Debug|Any CPU
		{63DD8BC3-301E-4126-B060-4D749ACCF5C3}.Debug|iPhone.Build.0 = Debug|Any CPU
		{63DD8BC3-301E-4126-B060-4D749ACCF5C3}.Debug|iPhone.Deploy.0 = Debug|Any CPU
		{63DD8BC3-301E-4126-B060-4D749ACCF5C3}.Debug|iPhoneSimulator.ActiveCfg = Debug|Any CPU
		{63DD8BC3-301E-4126-B060-4D749ACCF5C3}.Debug|iPhoneSimulator.Build.0 = Debug|Any CPU
		{63DD8BC3-301E-4126-B060-4D749ACCF5C3}.Debug|iPhoneSimulator.Deploy.0 = Debug|Any CPU
		{63DD8BC3-301E-4126-B060-4D749ACCF5C3}.Debug|x64.ActiveCfg = Debug|Any CPU
		{63DD8BC3-301E-4126-B060-4D749ACCF5C3}.Debug|x64.Build.0 = Debug|Any CPU
		{63DD8BC3-301E-4126-B060-4D749ACCF5C3}.Debug|x64.Deploy.0 = Debug|Any CPU
		{63DD8BC3-301E-4126-B060-4D749ACCF5C3}.Debug|x86.ActiveCfg = Debug|Any CPU
		{63DD8BC3-301E-4126-B060-4D749ACCF5C3}.Debug|x86.Build.0 = Debug|Any CPU
		{63DD8BC3-301E-4126-B060-4D749ACCF5C3}.Debug|x86.Deploy.0 = Debug|Any CPU
		{63DD8BC3-301E-4126-B060-4D749ACCF5C3}.Release|Any CPU.ActiveCfg = Release|Any CPU
		{63DD8BC3-301E-4126-B060-4D749ACCF5C3}.Release|Any CPU.Build.0 = Release|Any CPU
		{63DD8BC3-301E-4126-B060-4D749ACCF5C3}.Release|Any CPU.Deploy.0 = Release|Any CPU
		{63DD8BC3-301E-4126-B060-4D749ACCF5C3}.Release|ARM.ActiveCfg = Release|Any CPU
		{63DD8BC3-301E-4126-B060-4D749ACCF5C3}.Release|ARM.Build.0 = Release|Any CPU
		{63DD8BC3-301E-4126-B060-4D749ACCF5C3}.Release|ARM.Deploy.0 = Release|Any CPU
		{63DD8BC3-301E-4126-B060-4D749ACCF5C3}.Release|iPhone.ActiveCfg = Release|Any CPU
		{63DD8BC3-301E-4126-B060-4D749ACCF5C3}.Release|iPhone.Build.0 = Release|Any CPU
		{63DD8BC3-301E-4126-B060-4D749ACCF5C3}.Release|iPhone.Deploy.0 = Release|Any CPU
		{63DD8BC3-301E-4126-B060-4D749ACCF5C3}.Release|iPhoneSimulator.ActiveCfg = Release|Any CPU
		{63DD8BC3-301E-4126-B060-4D749ACCF5C3}.Release|iPhoneSimulator.Build.0 = Release|Any CPU
		{63DD8BC3-301E-4126-B060-4D749ACCF5C3}.Release|iPhoneSimulator.Deploy.0 = Release|Any CPU
		{63DD8BC3-301E-4126-B060-4D749ACCF5C3}.Release|x64.ActiveCfg = Release|Any CPU
		{63DD8BC3-301E-4126-B060-4D749ACCF5C3}.Release|x64.Build.0 = Release|Any CPU
		{63DD8BC3-301E-4126-B060-4D749ACCF5C3}.Release|x64.Deploy.0 = Release|Any CPU
		{63DD8BC3-301E-4126-B060-4D749ACCF5C3}.Release|x86.ActiveCfg = Release|Any CPU
		{63DD8BC3-301E-4126-B060-4D749ACCF5C3}.Release|x86.Build.0 = Release|Any CPU
		{63DD8BC3-301E-4126-B060-4D749ACCF5C3}.Release|x86.Deploy.0 = Release|Any CPU
		{9477D51F-EF9E-4A8B-A1FA-311E64BB2DF8}.Ad-Hoc|Any CPU.ActiveCfg = Ad-Hoc|iPhone
		{9477D51F-EF9E-4A8B-A1FA-311E64BB2DF8}.Ad-Hoc|ARM.ActiveCfg = Ad-Hoc|iPhone
		{9477D51F-EF9E-4A8B-A1FA-311E64BB2DF8}.Ad-Hoc|iPhone.ActiveCfg = Ad-Hoc|iPhone
		{9477D51F-EF9E-4A8B-A1FA-311E64BB2DF8}.Ad-Hoc|iPhone.Build.0 = Ad-Hoc|iPhone
		{9477D51F-EF9E-4A8B-A1FA-311E64BB2DF8}.Ad-Hoc|iPhoneSimulator.ActiveCfg = Ad-Hoc|iPhoneSimulator
		{9477D51F-EF9E-4A8B-A1FA-311E64BB2DF8}.Ad-Hoc|iPhoneSimulator.Build.0 = Ad-Hoc|iPhoneSimulator
		{9477D51F-EF9E-4A8B-A1FA-311E64BB2DF8}.Ad-Hoc|x64.ActiveCfg = Ad-Hoc|iPhone
		{9477D51F-EF9E-4A8B-A1FA-311E64BB2DF8}.Ad-Hoc|x86.ActiveCfg = Ad-Hoc|iPhone
		{9477D51F-EF9E-4A8B-A1FA-311E64BB2DF8}.AppStore|Any CPU.ActiveCfg = AppStore|iPhone
		{9477D51F-EF9E-4A8B-A1FA-311E64BB2DF8}.AppStore|ARM.ActiveCfg = AppStore|iPhone
		{9477D51F-EF9E-4A8B-A1FA-311E64BB2DF8}.AppStore|iPhone.ActiveCfg = AppStore|iPhone
		{9477D51F-EF9E-4A8B-A1FA-311E64BB2DF8}.AppStore|iPhone.Build.0 = AppStore|iPhone
		{9477D51F-EF9E-4A8B-A1FA-311E64BB2DF8}.AppStore|iPhoneSimulator.ActiveCfg = AppStore|iPhoneSimulator
		{9477D51F-EF9E-4A8B-A1FA-311E64BB2DF8}.AppStore|iPhoneSimulator.Build.0 = AppStore|iPhoneSimulator
		{9477D51F-EF9E-4A8B-A1FA-311E64BB2DF8}.AppStore|x64.ActiveCfg = AppStore|iPhone
		{9477D51F-EF9E-4A8B-A1FA-311E64BB2DF8}.AppStore|x86.ActiveCfg = AppStore|iPhone
		{9477D51F-EF9E-4A8B-A1FA-311E64BB2DF8}.Debug|Any CPU.ActiveCfg = Debug|iPhone
		{9477D51F-EF9E-4A8B-A1FA-311E64BB2DF8}.Debug|ARM.ActiveCfg = Debug|iPhone
		{9477D51F-EF9E-4A8B-A1FA-311E64BB2DF8}.Debug|iPhone.ActiveCfg = Debug|iPhone
		{9477D51F-EF9E-4A8B-A1FA-311E64BB2DF8}.Debug|iPhone.Build.0 = Debug|iPhone
		{9477D51F-EF9E-4A8B-A1FA-311E64BB2DF8}.Debug|iPhoneSimulator.ActiveCfg = Debug|iPhoneSimulator
		{9477D51F-EF9E-4A8B-A1FA-311E64BB2DF8}.Debug|iPhoneSimulator.Build.0 = Debug|iPhoneSimulator
		{9477D51F-EF9E-4A8B-A1FA-311E64BB2DF8}.Debug|x64.ActiveCfg = Debug|iPhone
		{9477D51F-EF9E-4A8B-A1FA-311E64BB2DF8}.Debug|x86.ActiveCfg = Debug|iPhone
		{9477D51F-EF9E-4A8B-A1FA-311E64BB2DF8}.Release|Any CPU.ActiveCfg = Release|iPhone
		{9477D51F-EF9E-4A8B-A1FA-311E64BB2DF8}.Release|ARM.ActiveCfg = Release|iPhone
		{9477D51F-EF9E-4A8B-A1FA-311E64BB2DF8}.Release|iPhone.ActiveCfg = Release|iPhone
		{9477D51F-EF9E-4A8B-A1FA-311E64BB2DF8}.Release|iPhone.Build.0 = Release|iPhone
		{9477D51F-EF9E-4A8B-A1FA-311E64BB2DF8}.Release|iPhoneSimulator.ActiveCfg = Release|iPhoneSimulator
		{9477D51F-EF9E-4A8B-A1FA-311E64BB2DF8}.Release|iPhoneSimulator.Build.0 = Release|iPhoneSimulator
		{9477D51F-EF9E-4A8B-A1FA-311E64BB2DF8}.Release|x64.ActiveCfg = Release|iPhone
		{9477D51F-EF9E-4A8B-A1FA-311E64BB2DF8}.Release|x86.ActiveCfg = Release|iPhone
		{8B42C784-2DC0-4420-A7A3-6D398A13E10C}.Ad-Hoc|Any CPU.ActiveCfg = Release|x86
		{8B42C784-2DC0-4420-A7A3-6D398A13E10C}.Ad-Hoc|Any CPU.Build.0 = Release|x86
		{8B42C784-2DC0-4420-A7A3-6D398A13E10C}.Ad-Hoc|Any CPU.Deploy.0 = Release|x86
		{8B42C784-2DC0-4420-A7A3-6D398A13E10C}.Ad-Hoc|ARM.ActiveCfg = Release|ARM
		{8B42C784-2DC0-4420-A7A3-6D398A13E10C}.Ad-Hoc|ARM.Build.0 = Release|ARM
		{8B42C784-2DC0-4420-A7A3-6D398A13E10C}.Ad-Hoc|ARM.Deploy.0 = Release|ARM
		{8B42C784-2DC0-4420-A7A3-6D398A13E10C}.Ad-Hoc|iPhone.ActiveCfg = Release|x86
		{8B42C784-2DC0-4420-A7A3-6D398A13E10C}.Ad-Hoc|iPhone.Build.0 = Release|x86
		{8B42C784-2DC0-4420-A7A3-6D398A13E10C}.Ad-Hoc|iPhone.Deploy.0 = Release|x86
		{8B42C784-2DC0-4420-A7A3-6D398A13E10C}.Ad-Hoc|iPhoneSimulator.ActiveCfg = Release|x86
		{8B42C784-2DC0-4420-A7A3-6D398A13E10C}.Ad-Hoc|iPhoneSimulator.Build.0 = Release|x86
		{8B42C784-2DC0-4420-A7A3-6D398A13E10C}.Ad-Hoc|iPhoneSimulator.Deploy.0 = Release|x86
		{8B42C784-2DC0-4420-A7A3-6D398A13E10C}.Ad-Hoc|x64.ActiveCfg = Release|x64
		{8B42C784-2DC0-4420-A7A3-6D398A13E10C}.Ad-Hoc|x64.Build.0 = Release|x64
		{8B42C784-2DC0-4420-A7A3-6D398A13E10C}.Ad-Hoc|x64.Deploy.0 = Release|x64
		{8B42C784-2DC0-4420-A7A3-6D398A13E10C}.Ad-Hoc|x86.ActiveCfg = Release|x86
		{8B42C784-2DC0-4420-A7A3-6D398A13E10C}.Ad-Hoc|x86.Build.0 = Release|x86
		{8B42C784-2DC0-4420-A7A3-6D398A13E10C}.Ad-Hoc|x86.Deploy.0 = Release|x86
		{8B42C784-2DC0-4420-A7A3-6D398A13E10C}.AppStore|Any CPU.ActiveCfg = Release|x86
		{8B42C784-2DC0-4420-A7A3-6D398A13E10C}.AppStore|Any CPU.Build.0 = Release|x86
		{8B42C784-2DC0-4420-A7A3-6D398A13E10C}.AppStore|Any CPU.Deploy.0 = Release|x86
		{8B42C784-2DC0-4420-A7A3-6D398A13E10C}.AppStore|ARM.ActiveCfg = Release|ARM
		{8B42C784-2DC0-4420-A7A3-6D398A13E10C}.AppStore|ARM.Build.0 = Release|ARM
		{8B42C784-2DC0-4420-A7A3-6D398A13E10C}.AppStore|ARM.Deploy.0 = Release|ARM
		{8B42C784-2DC0-4420-A7A3-6D398A13E10C}.AppStore|iPhone.ActiveCfg = Release|x86
		{8B42C784-2DC0-4420-A7A3-6D398A13E10C}.AppStore|iPhone.Build.0 = Release|x86
		{8B42C784-2DC0-4420-A7A3-6D398A13E10C}.AppStore|iPhone.Deploy.0 = Release|x86
		{8B42C784-2DC0-4420-A7A3-6D398A13E10C}.AppStore|iPhoneSimulator.ActiveCfg = Release|x86
		{8B42C784-2DC0-4420-A7A3-6D398A13E10C}.AppStore|iPhoneSimulator.Build.0 = Release|x86
		{8B42C784-2DC0-4420-A7A3-6D398A13E10C}.AppStore|iPhoneSimulator.Deploy.0 = Release|x86
		{8B42C784-2DC0-4420-A7A3-6D398A13E10C}.AppStore|x64.ActiveCfg = Release|x64
		{8B42C784-2DC0-4420-A7A3-6D398A13E10C}.AppStore|x64.Build.0 = Release|x64
		{8B42C784-2DC0-4420-A7A3-6D398A13E10C}.AppStore|x64.Deploy.0 = Release|x64
		{8B42C784-2DC0-4420-A7A3-6D398A13E10C}.AppStore|x86.ActiveCfg = Release|x86
		{8B42C784-2DC0-4420-A7A3-6D398A13E10C}.AppStore|x86.Build.0 = Release|x86
		{8B42C784-2DC0-4420-A7A3-6D398A13E10C}.AppStore|x86.Deploy.0 = Release|x86
		{8B42C784-2DC0-4420-A7A3-6D398A13E10C}.Debug|Any CPU.ActiveCfg = Debug|x86
		{8B42C784-2DC0-4420-A7A3-6D398A13E10C}.Debug|ARM.ActiveCfg = Debug|ARM
		{8B42C784-2DC0-4420-A7A3-6D398A13E10C}.Debug|ARM.Build.0 = Debug|ARM
		{8B42C784-2DC0-4420-A7A3-6D398A13E10C}.Debug|ARM.Deploy.0 = Debug|ARM
		{8B42C784-2DC0-4420-A7A3-6D398A13E10C}.Debug|iPhone.ActiveCfg = Debug|x86
		{8B42C784-2DC0-4420-A7A3-6D398A13E10C}.Debug|iPhoneSimulator.ActiveCfg = Debug|x86
		{8B42C784-2DC0-4420-A7A3-6D398A13E10C}.Debug|x64.ActiveCfg = Debug|x64
		{8B42C784-2DC0-4420-A7A3-6D398A13E10C}.Debug|x64.Build.0 = Debug|x64
		{8B42C784-2DC0-4420-A7A3-6D398A13E10C}.Debug|x64.Deploy.0 = Debug|x64
		{8B42C784-2DC0-4420-A7A3-6D398A13E10C}.Debug|x86.ActiveCfg = Debug|x86
		{8B42C784-2DC0-4420-A7A3-6D398A13E10C}.Debug|x86.Build.0 = Debug|x86
		{8B42C784-2DC0-4420-A7A3-6D398A13E10C}.Debug|x86.Deploy.0 = Debug|x86
		{8B42C784-2DC0-4420-A7A3-6D398A13E10C}.Release|Any CPU.ActiveCfg = Release|x86
		{8B42C784-2DC0-4420-A7A3-6D398A13E10C}.Release|ARM.ActiveCfg = Release|ARM
		{8B42C784-2DC0-4420-A7A3-6D398A13E10C}.Release|ARM.Build.0 = Release|ARM
		{8B42C784-2DC0-4420-A7A3-6D398A13E10C}.Release|ARM.Deploy.0 = Release|ARM
		{8B42C784-2DC0-4420-A7A3-6D398A13E10C}.Release|iPhone.ActiveCfg = Release|x86
		{8B42C784-2DC0-4420-A7A3-6D398A13E10C}.Release|iPhoneSimulator.ActiveCfg = Release|x86
		{8B42C784-2DC0-4420-A7A3-6D398A13E10C}.Release|x64.ActiveCfg = Release|x64
		{8B42C784-2DC0-4420-A7A3-6D398A13E10C}.Release|x64.Build.0 = Release|x64
		{8B42C784-2DC0-4420-A7A3-6D398A13E10C}.Release|x64.Deploy.0 = Release|x64
		{8B42C784-2DC0-4420-A7A3-6D398A13E10C}.Release|x86.ActiveCfg = Release|x86
		{8B42C784-2DC0-4420-A7A3-6D398A13E10C}.Release|x86.Build.0 = Release|x86
		{8B42C784-2DC0-4420-A7A3-6D398A13E10C}.Release|x86.Deploy.0 = Release|x86
	EndGlobalSection
	GlobalSection(SolutionProperties) = preSolution
		HideSolutionNode = FALSE
	EndGlobalSection
	GlobalSection(NestedProjects) = preSolution
		{141F4960-65D6-4CA4-9624-B460052F491C} = {9DC611F1-EA69-4DA6-B157-C74FE7006DFC}
		{C1036CC8-1B30-4613-8523-430A6CD44063} = {9DC611F1-EA69-4DA6-B157-C74FE7006DFC}
		{C84A8BFB-E2B9-4705-AA38-476C48E8FBB9} = {DF27C66B-7BD0-4EFD-9FA6-D371827A8C3A}
		{63DD8BC3-301E-4126-B060-4D749ACCF5C3} = {DF27C66B-7BD0-4EFD-9FA6-D371827A8C3A}
		{9477D51F-EF9E-4A8B-A1FA-311E64BB2DF8} = {DF27C66B-7BD0-4EFD-9FA6-D371827A8C3A}
		{8B42C784-2DC0-4420-A7A3-6D398A13E10C} = {DF27C66B-7BD0-4EFD-9FA6-D371827A8C3A}
	EndGlobalSection
	GlobalSection(ExtensibilityGlobals) = postSolution
		SolutionGuid = {0CB9B240-0C71-41DB-85D7-6D393A6D24D2}
	EndGlobalSection
EndGlobal
